// !$*UTF8*$!
{
	archiveVersion = 1;
	classes = {
	};
	objectVersion = 46;
	objects = {

/* Begin PBXBuildFile section */
		031E87B025130AB900B73A81 /* Location.storyboard in Resources */ = {isa = PBXBuildFile; fileRef = 031E87AE25130AB900B73A81 /* Location.storyboard */; };
		031E87B325130B1700B73A81 /* Settings.storyboard in Resources */ = {isa = PBXBuildFile; fileRef = 031E87B125130B1700B73A81 /* Settings.storyboard */; };
		031E87B625132AE300B73A81 /* SettingsView.m in Sources */ = {isa = PBXBuildFile; fileRef = 031E87B525132AE300B73A81 /* SettingsView.m */; };
		0393AEC32321DCA200995213 /* Base.lproj in Resources */ = {isa = PBXBuildFile; fileRef = 0393AEC02321DCA200995213 /* Base.lproj */; };
		0393AEC42321DCA200995213 /* GH.png in Resources */ = {isa = PBXBuildFile; fileRef = 0393AEC12321DCA200995213 /* GH.png */; };
		0393AEC52321DCA200995213 /* Dining Data orig.txt in Resources */ = {isa = PBXBuildFile; fileRef = 0393AEC22321DCA200995213 /* Dining Data orig.txt */; };
		37234B973818BA84F0F1472F /* libPods-Yale MenusTests.a in Frameworks */ = {isa = PBXBuildFile; fileRef = EE4CF4D89D8AEC9F43431BDD /* libPods-Yale MenusTests.a */; };
		712DC5BD1F4F511B0003FAFB /* Icon.jpg in Resources */ = {isa = PBXBuildFile; fileRef = 712DC5B81F4F511B0003FAFB /* Icon.jpg */; };
		712DC5BE1F4F511B0003FAFB /* Meals.jpg in Resources */ = {isa = PBXBuildFile; fileRef = 712DC5B91F4F511B0003FAFB /* Meals.jpg */; };
		712DC5BF1F4F511B0003FAFB /* Menu.jpg in Resources */ = {isa = PBXBuildFile; fileRef = 712DC5BA1F4F511B0003FAFB /* Menu.jpg */; };
		712DC5C01F4F511B0003FAFB /* Refresh.jpg in Resources */ = {isa = PBXBuildFile; fileRef = 712DC5BB1F4F511B0003FAFB /* Refresh.jpg */; };
		712DC5C41F4FD54B0003FAFB /* Closing.jpg in Resources */ = {isa = PBXBuildFile; fileRef = 712DC5C31F4FD54B0003FAFB /* Closing.jpg */; };
		712DC5C61F4FD5530003FAFB /* Intro.jpg in Resources */ = {isa = PBXBuildFile; fileRef = 712DC5C51F4FD5530003FAFB /* Intro.jpg */; };
		712DC6471F5B4D280003FAFB /* Gear.png in Resources */ = {isa = PBXBuildFile; fileRef = 712DC6461F5B4D280003FAFB /* Gear.png */; };
		712DC6491F5CAC5F0003FAFB /* The Salad.png in Resources */ = {isa = PBXBuildFile; fileRef = 712DC6481F5CAC5F0003FAFB /* The Salad.png */; };
		712DC64B1F5CAC7D0003FAFB /* Mezze Bar.png in Resources */ = {isa = PBXBuildFile; fileRef = 712DC64A1F5CAC7D0003FAFB /* Mezze Bar.png */; };
		712DC64D1F5CAC8E0003FAFB /* Breakfast Meat.png in Resources */ = {isa = PBXBuildFile; fileRef = 712DC64C1F5CAC8E0003FAFB /* Breakfast Meat.png */; };
		712DC64F1F5CAD700003FAFB /* The Grill.png in Resources */ = {isa = PBXBuildFile; fileRef = 712DC64E1F5CAD700003FAFB /* The Grill.png */; };
		712DC6511F5CAD880003FAFB /* Bowls.png in Resources */ = {isa = PBXBuildFile; fileRef = 712DC6501F5CAD880003FAFB /* Bowls.png */; };
		712DC6531F5CD3800003FAFB /* Fruits.png in Resources */ = {isa = PBXBuildFile; fileRef = 712DC6521F5CD3800003FAFB /* Fruits.png */; };
		712DC6551F5CE3620003FAFB /* Greek Yogurt Bar with Housemade Granola.png in Resources */ = {isa = PBXBuildFile; fileRef = 712DC6541F5CE3620003FAFB /* Greek Yogurt Bar with Housemade Granola.png */; };
		712DC6571F5DFFD50003FAFB /* Allergies.jpg in Resources */ = {isa = PBXBuildFile; fileRef = 712DC6561F5DFFD40003FAFB /* Allergies.jpg */; };
		712DC6591F5E11860003FAFB /* New Features.jpg in Resources */ = {isa = PBXBuildFile; fileRef = 712DC6581F5E11860003FAFB /* New Features.jpg */; };
		712DCAD12039F35600DD4746 /* Swipe.jpg in Resources */ = {isa = PBXBuildFile; fileRef = 712DCAD02039F35600DD4746 /* Swipe.jpg */; };
		712F58A92016FA9F0063816E /* Thumbs Up.png in Resources */ = {isa = PBXBuildFile; fileRef = 712F58A72016FA9E0063816E /* Thumbs Up.png */; };
		712F58AA2016FA9F0063816E /* Thumbs Up Blue.png in Resources */ = {isa = PBXBuildFile; fileRef = 712F58A82016FA9F0063816E /* Thumbs Up Blue.png */; };
		712F58AC2016FC6A0063816E /* Thumbs Down.png in Resources */ = {isa = PBXBuildFile; fileRef = 712F58AB2016FC6A0063816E /* Thumbs Down.png */; };
		712F58AE2016FD0B0063816E /* Thumbs Down Blue.png in Resources */ = {isa = PBXBuildFile; fileRef = 712F58AD2016FD0A0063816E /* Thumbs Down Blue.png */; };
		7143D4161F451878009B26CB /* GoogleService-Info.plist in Resources */ = {isa = PBXBuildFile; fileRef = 7143D4151F451878009B26CB /* GoogleService-Info.plist */; };
		7143D4261F455797009B26CB /* GoogleService-Info.plist in Resources */ = {isa = PBXBuildFile; fileRef = 7143D4151F451878009B26CB /* GoogleService-Info.plist */; };
		7143D4271F455797009B26CB /* GoogleService-Info.plist in Resources */ = {isa = PBXBuildFile; fileRef = 7143D4151F451878009B26CB /* GoogleService-Info.plist */; };
		7143D4321F45A464009B26CB /* Accompaniments.png in Resources */ = {isa = PBXBuildFile; fileRef = 7143D4281F45A463009B26CB /* Accompaniments.png */; };
		7143D4331F45A464009B26CB /* Cereals.png in Resources */ = {isa = PBXBuildFile; fileRef = 7143D4291F45A463009B26CB /* Cereals.png */; };
		7143D4341F45A464009B26CB /* Desserts.png in Resources */ = {isa = PBXBuildFile; fileRef = 7143D42A1F45A463009B26CB /* Desserts.png */; };
		7143D4351F45A464009B26CB /* Entrees.png in Resources */ = {isa = PBXBuildFile; fileRef = 7143D42B1F45A463009B26CB /* Entrees.png */; };
		7143D4361F45A464009B26CB /* Morning Sweets.png in Resources */ = {isa = PBXBuildFile; fileRef = 7143D42C1F45A463009B26CB /* Morning Sweets.png */; };
		7143D4371F45A464009B26CB /* Pizza.png in Resources */ = {isa = PBXBuildFile; fileRef = 7143D42D1F45A463009B26CB /* Pizza.png */; };
		7143D4381F45A464009B26CB /* Starches.png in Resources */ = {isa = PBXBuildFile; fileRef = 7143D42E1F45A464009B26CB /* Starches.png */; };
		7143D4391F45A464009B26CB /* Burgers.png in Resources */ = {isa = PBXBuildFile; fileRef = 7143D42F1F45A464009B26CB /* Burgers.png */; };
		7143D43A1F45A464009B26CB /* The Vegetables.png in Resources */ = {isa = PBXBuildFile; fileRef = 7143D4301F45A464009B26CB /* The Vegetables.png */; };
		7143D43B1F45A464009B26CB /* The Soup.png in Resources */ = {isa = PBXBuildFile; fileRef = 7143D4311F45A464009B26CB /* The Soup.png */; };
		7143D4B41F469290009B26CB /* BreakfastMenu.png in Resources */ = {isa = PBXBuildFile; fileRef = 7143D4AF1F469290009B26CB /* BreakfastMenu.png */; };
		7143D4B51F469290009B26CB /* BrunchMenu.png in Resources */ = {isa = PBXBuildFile; fileRef = 7143D4B01F469290009B26CB /* BrunchMenu.png */; };
		7143D4B61F469290009B26CB /* DinnerMenu.png in Resources */ = {isa = PBXBuildFile; fileRef = 7143D4B11F469290009B26CB /* DinnerMenu.png */; };
		7143D4B71F469290009B26CB /* HotBreakfastMenu.png in Resources */ = {isa = PBXBuildFile; fileRef = 7143D4B21F469290009B26CB /* HotBreakfastMenu.png */; };
		7143D4B81F469290009B26CB /* LunchMenu.png in Resources */ = {isa = PBXBuildFile; fileRef = 7143D4B31F469290009B26CB /* LunchMenu.png */; };
		7143D4BA1F46B08D009B26CB /* Reload.png in Resources */ = {isa = PBXBuildFile; fileRef = 7143D4B91F46B08D009B26CB /* Reload.png */; };
		7143D4C21F46EA53009B26CB /* Icon-60@3x.png in Resources */ = {isa = PBXBuildFile; fileRef = 7143D4BB1F46EA52009B26CB /* Icon-60@3x.png */; };
		7143D4C31F46EA53009B26CB /* Icon-76.png in Resources */ = {isa = PBXBuildFile; fileRef = 7143D4BC1F46EA52009B26CB /* Icon-76.png */; };
		7143D4C41F46EA53009B26CB /* Icon-76@2x.png in Resources */ = {isa = PBXBuildFile; fileRef = 7143D4BD1F46EA52009B26CB /* Icon-76@2x.png */; };
		7143D4C51F46EA53009B26CB /* Icon-83.5@2x.png in Resources */ = {isa = PBXBuildFile; fileRef = 7143D4BE1F46EA52009B26CB /* Icon-83.5@2x.png */; };
		7143D4C61F46EA53009B26CB /* Icon-Small-40.png in Resources */ = {isa = PBXBuildFile; fileRef = 7143D4BF1F46EA52009B26CB /* Icon-Small-40.png */; };
		7143D4C71F46EA53009B26CB /* Icon-Small-40@2x.png in Resources */ = {isa = PBXBuildFile; fileRef = 7143D4C01F46EA52009B26CB /* Icon-Small-40@2x.png */; };
		7143D4C81F46EA53009B26CB /* Icon-Small-40@3x.png in Resources */ = {isa = PBXBuildFile; fileRef = 7143D4C11F46EA52009B26CB /* Icon-Small-40@3x.png */; };
		7143D4D41F479B5B009B26CB /* Home.png in Resources */ = {isa = PBXBuildFile; fileRef = 7143D4D31F479B5B009B26CB /* Home.png */; };
		714C8DF01E43B76000638BD3 /* 1.png in Resources */ = {isa = PBXBuildFile; fileRef = 714C8DE61E43B76000638BD3 /* 1.png */; };
		714C8DF11E43B76000638BD3 /* 2.png in Resources */ = {isa = PBXBuildFile; fileRef = 714C8DE71E43B76000638BD3 /* 2.png */; };
		714C8DF21E43B76000638BD3 /* 3.png in Resources */ = {isa = PBXBuildFile; fileRef = 714C8DE81E43B76000638BD3 /* 3.png */; };
		714C8DF31E43B76000638BD3 /* 4.png in Resources */ = {isa = PBXBuildFile; fileRef = 714C8DE91E43B76000638BD3 /* 4.png */; };
		714C8DF41E43B76000638BD3 /* 5.png in Resources */ = {isa = PBXBuildFile; fileRef = 714C8DEA1E43B76000638BD3 /* 5.png */; };
		714C8DF51E43B76000638BD3 /* 6.png in Resources */ = {isa = PBXBuildFile; fileRef = 714C8DEB1E43B76000638BD3 /* 6.png */; };
		714C8DF61E43B76000638BD3 /* 7.png in Resources */ = {isa = PBXBuildFile; fileRef = 714C8DEC1E43B76000638BD3 /* 7.png */; };
		714C8DF71E43B76000638BD3 /* 8.png in Resources */ = {isa = PBXBuildFile; fileRef = 714C8DED1E43B76000638BD3 /* 8.png */; };
		714C8DF81E43B76000638BD3 /* 9.png in Resources */ = {isa = PBXBuildFile; fileRef = 714C8DEE1E43B76000638BD3 /* 9.png */; };
		714C8DF91E43B76000638BD3 /* 10.png in Resources */ = {isa = PBXBuildFile; fileRef = 714C8DEF1E43B76000638BD3 /* 10.png */; };
		719619F31E3BFEE70060766D /* main.m in Sources */ = {isa = PBXBuildFile; fileRef = 719619F21E3BFEE70060766D /* main.m */; };
		719619F61E3BFEE70060766D /* AppDelegate.m in Sources */ = {isa = PBXBuildFile; fileRef = 719619F51E3BFEE70060766D /* AppDelegate.m */; };
		719619F91E3BFEE70060766D /* ViewController.m in Sources */ = {isa = PBXBuildFile; fileRef = 719619F81E3BFEE70060766D /* ViewController.m */; };
		719619FC1E3BFEE70060766D /* Main.storyboard in Resources */ = {isa = PBXBuildFile; fileRef = 719619FA1E3BFEE70060766D /* Main.storyboard */; };
		71961A011E3BFEE70060766D /* LaunchScreen.storyboard in Resources */ = {isa = PBXBuildFile; fileRef = 719619FF1E3BFEE70060766D /* LaunchScreen.storyboard */; };
		71961A0C1E3BFEE70060766D /* Yale_MenusTests.m in Sources */ = {isa = PBXBuildFile; fileRef = 71961A0B1E3BFEE70060766D /* Yale_MenusTests.m */; };
		71961A171E3BFEE70060766D /* Yale_MenusUITests.m in Sources */ = {isa = PBXBuildFile; fileRef = 71961A161E3BFEE70060766D /* Yale_MenusUITests.m */; };
		71961A251E3BFF0B0060766D /* Meal.xib in Resources */ = {isa = PBXBuildFile; fileRef = 71961A241E3BFF0B0060766D /* Meal.xib */; };
		71961A271E3BFF160060766D /* Menu.xib in Resources */ = {isa = PBXBuildFile; fileRef = 71961A261E3BFF160060766D /* Menu.xib */; };
		71961A381E3BFF2B0060766D /* BK.png in Resources */ = {isa = PBXBuildFile; fileRef = 71961A291E3BFF2B0060766D /* BK.png */; };
		71961A391E3BFF2B0060766D /* BR.png in Resources */ = {isa = PBXBuildFile; fileRef = 71961A2A1E3BFF2B0060766D /* BR.png */; };
		71961A3C1E3BFF2B0060766D /* ES.png in Resources */ = {isa = PBXBuildFile; fileRef = 71961A2D1E3BFF2B0060766D /* ES.png */; };
		71961A3D1E3BFF2B0060766D /* HGS.png in Resources */ = {isa = PBXBuildFile; fileRef = 71961A2E1E3BFF2B0060766D /* HGS.png */; };
		71961A3E1E3BFF2B0060766D /* JE.png in Resources */ = {isa = PBXBuildFile; fileRef = 71961A2F1E3BFF2B0060766D /* JE.png */; };
		71961A3F1E3BFF2B0060766D /* MC.png in Resources */ = {isa = PBXBuildFile; fileRef = 71961A301E3BFF2B0060766D /* MC.png */; };
		71961A401E3BFF2B0060766D /* PC.png in Resources */ = {isa = PBXBuildFile; fileRef = 71961A311E3BFF2B0060766D /* PC.png */; };
		71961A421E3BFF2B0060766D /* SM.png in Resources */ = {isa = PBXBuildFile; fileRef = 71961A331E3BFF2B0060766D /* SM.png */; };
		71961A431E3BFF2B0060766D /* SY.png in Resources */ = {isa = PBXBuildFile; fileRef = 71961A341E3BFF2B0060766D /* SY.png */; };
		71961A441E3BFF2B0060766D /* TC.png in Resources */ = {isa = PBXBuildFile; fileRef = 71961A351E3BFF2B0060766D /* TC.png */; };
		71961A451E3BFF2B0060766D /* TD.png in Resources */ = {isa = PBXBuildFile; fileRef = 71961A361E3BFF2B0060766D /* TD.png */; };
		71961A6D1E3C54BE0060766D /* null.png in Resources */ = {isa = PBXBuildFile; fileRef = 71961A6C1E3C54BE0060766D /* null.png */; };
		71961A711E3C5D780060766D /* DC.png in Resources */ = {isa = PBXBuildFile; fileRef = 71961A701E3C5D780060766D /* DC.png */; };
		71961A731E3C5D880060766D /* MY.png in Resources */ = {isa = PBXBuildFile; fileRef = 71961A721E3C5D880060766D /* MY.png */; };
		71961A751E3C5D990060766D /* BF.png in Resources */ = {isa = PBXBuildFile; fileRef = 71961A741E3C5D990060766D /* BF.png */; };
		71961AB61E3D63D90060766D /* Icon-60@2x.png in Resources */ = {isa = PBXBuildFile; fileRef = 71961AB51E3D63D90060766D /* Icon-60@2x.png */; };
		71961AD61E3D7A260060766D /* Back.png in Resources */ = {isa = PBXBuildFile; fileRef = 71961AD51E3D7A260060766D /* Back.png */; };
		71961AD81E3D8AD50060766D /* White.png in Resources */ = {isa = PBXBuildFile; fileRef = 71961AD71E3D8AD50060766D /* White.png */; };
		71961AE11E3DA2070060766D /* Dinner.png in Resources */ = {isa = PBXBuildFile; fileRef = 71961ADD1E3DA2070060766D /* Dinner.png */; };
		71961AE21E3DA2070060766D /* Lunch.png in Resources */ = {isa = PBXBuildFile; fileRef = 71961ADE1E3DA2070060766D /* Lunch.png */; };
		71961AE41E3DA24A0060766D /* Breakfast.png in Resources */ = {isa = PBXBuildFile; fileRef = 71961AE31E3DA24A0060766D /* Breakfast.png */; };
		71961AE61E3DA2970060766D /* Brunch.png in Resources */ = {isa = PBXBuildFile; fileRef = 71961AE51E3DA2970060766D /* Brunch.png */; };
		71961AE81E3EF0B00060766D /* CM.png in Resources */ = {isa = PBXBuildFile; fileRef = 71961AE71E3EF0B00060766D /* CM.png */; };
		8FB5CCE3684892915291D00D /* libPods-Yale MenusUITests.a in Frameworks */ = {isa = PBXBuildFile; fileRef = FB58F628FA442309AE871DF1 /* libPods-Yale MenusUITests.a */; };
		9D2FA9BA1C8FA70B62D0962C /* libPods-Yale Menus.a in Frameworks */ = {isa = PBXBuildFile; fileRef = ED8F672057F358290452230D /* libPods-Yale Menus.a */; };
/* End PBXBuildFile section */

/* Begin PBXContainerItemProxy section */
		71961A081E3BFEE70060766D /* PBXContainerItemProxy */ = {
			isa = PBXContainerItemProxy;
			containerPortal = 719619E61E3BFEE70060766D /* Project object */;
			proxyType = 1;
			remoteGlobalIDString = 719619ED1E3BFEE70060766D;
			remoteInfo = "Yale Menus";
		};
		71961A131E3BFEE70060766D /* PBXContainerItemProxy */ = {
			isa = PBXContainerItemProxy;
			containerPortal = 719619E61E3BFEE70060766D /* Project object */;
			proxyType = 1;
			remoteGlobalIDString = 719619ED1E3BFEE70060766D;
			remoteInfo = "Yale Menus";
		};
/* End PBXContainerItemProxy section */

/* Begin PBXFileReference section */
		031E87AF25130AB900B73A81 /* Base */ = {isa = PBXFileReference; lastKnownFileType = file.storyboard; name = Base; path = "Yale Menus/Base.lproj/Location.storyboard"; sourceTree = "<group>"; };
		031E87B225130B1700B73A81 /* Base */ = {isa = PBXFileReference; lastKnownFileType = file.storyboard; name = Base; path = "Yale Menus/Yale Menus/Base.lproj/Settings.storyboard"; sourceTree = "<group>"; };
		031E87B425132ACA00B73A81 /* SettingsView.h */ = {isa = PBXFileReference; lastKnownFileType = sourcecode.c.h; path = SettingsView.h; sourceTree = "<group>"; };
		031E87B525132AE300B73A81 /* SettingsView.m */ = {isa = PBXFileReference; lastKnownFileType = sourcecode.c.objc; path = SettingsView.m; sourceTree = "<group>"; };
		0393AEC02321DCA200995213 /* Base.lproj */ = {isa = PBXFileReference; lastKnownFileType = folder; path = Base.lproj; sourceTree = "<group>"; };
		0393AEC12321DCA200995213 /* GH.png */ = {isa = PBXFileReference; lastKnownFileType = image.png; path = GH.png; sourceTree = "<group>"; };
		0393AEC22321DCA200995213 /* Dining Data orig.txt */ = {isa = PBXFileReference; fileEncoding = 4; lastKnownFileType = text; path = "Dining Data orig.txt"; sourceTree = "<group>"; };
		1833A097405D3BCD8767EC5A /* Pods-Yale MenusTests.debug.xcconfig */ = {isa = PBXFileReference; includeInIndex = 1; lastKnownFileType = text.xcconfig; name = "Pods-Yale MenusTests.debug.xcconfig"; path = "Pods/Target Support Files/Pods-Yale MenusTests/Pods-Yale MenusTests.debug.xcconfig"; sourceTree = "<group>"; };
		3313F0C025E0537F6639EB12 /* Pods-Yale Menus.release.xcconfig */ = {isa = PBXFileReference; includeInIndex = 1; lastKnownFileType = text.xcconfig; name = "Pods-Yale Menus.release.xcconfig"; path = "Pods/Target Support Files/Pods-Yale Menus/Pods-Yale Menus.release.xcconfig"; sourceTree = "<group>"; };
		35E41EBC7DB5B12B17CCEB6F /* Pods-Yale Menus.debug.xcconfig */ = {isa = PBXFileReference; includeInIndex = 1; lastKnownFileType = text.xcconfig; name = "Pods-Yale Menus.debug.xcconfig"; path = "Pods/Target Support Files/Pods-Yale Menus/Pods-Yale Menus.debug.xcconfig"; sourceTree = "<group>"; };
		712DC5B81F4F511B0003FAFB /* Icon.jpg */ = {isa = PBXFileReference; lastKnownFileType = image.jpeg; path = Icon.jpg; sourceTree = "<group>"; };
		712DC5B91F4F511B0003FAFB /* Meals.jpg */ = {isa = PBXFileReference; lastKnownFileType = image.jpeg; path = Meals.jpg; sourceTree = "<group>"; };
		712DC5BA1F4F511B0003FAFB /* Menu.jpg */ = {isa = PBXFileReference; lastKnownFileType = image.jpeg; path = Menu.jpg; sourceTree = "<group>"; };
		712DC5BB1F4F511B0003FAFB /* Refresh.jpg */ = {isa = PBXFileReference; lastKnownFileType = image.jpeg; path = Refresh.jpg; sourceTree = "<group>"; };
		712DC5C31F4FD54B0003FAFB /* Closing.jpg */ = {isa = PBXFileReference; lastKnownFileType = image.jpeg; path = Closing.jpg; sourceTree = "<group>"; };
		712DC5C51F4FD5530003FAFB /* Intro.jpg */ = {isa = PBXFileReference; lastKnownFileType = image.jpeg; path = Intro.jpg; sourceTree = "<group>"; };
		712DC6461F5B4D280003FAFB /* Gear.png */ = {isa = PBXFileReference; lastKnownFileType = image.png; path = Gear.png; sourceTree = "<group>"; };
		712DC6481F5CAC5F0003FAFB /* The Salad.png */ = {isa = PBXFileReference; lastKnownFileType = image.png; path = "The Salad.png"; sourceTree = "<group>"; };
		712DC64A1F5CAC7D0003FAFB /* Mezze Bar.png */ = {isa = PBXFileReference; lastKnownFileType = image.png; path = "Mezze Bar.png"; sourceTree = "<group>"; };
		712DC64C1F5CAC8E0003FAFB /* Breakfast Meat.png */ = {isa = PBXFileReference; lastKnownFileType = image.png; path = "Breakfast Meat.png"; sourceTree = "<group>"; };
		712DC64E1F5CAD700003FAFB /* The Grill.png */ = {isa = PBXFileReference; lastKnownFileType = image.png; path = "The Grill.png"; sourceTree = "<group>"; };
		712DC6501F5CAD880003FAFB /* Bowls.png */ = {isa = PBXFileReference; lastKnownFileType = image.png; path = Bowls.png; sourceTree = "<group>"; };
		712DC6521F5CD3800003FAFB /* Fruits.png */ = {isa = PBXFileReference; lastKnownFileType = image.png; path = Fruits.png; sourceTree = "<group>"; };
		712DC6541F5CE3620003FAFB /* Greek Yogurt Bar with Housemade Granola.png */ = {isa = PBXFileReference; lastKnownFileType = image.png; path = "Greek Yogurt Bar with Housemade Granola.png"; sourceTree = "<group>"; };
		712DC6561F5DFFD40003FAFB /* Allergies.jpg */ = {isa = PBXFileReference; lastKnownFileType = image.jpeg; path = Allergies.jpg; sourceTree = "<group>"; };
		712DC6581F5E11860003FAFB /* New Features.jpg */ = {isa = PBXFileReference; lastKnownFileType = image.jpeg; path = "New Features.jpg"; sourceTree = "<group>"; };
		712DCAD02039F35600DD4746 /* Swipe.jpg */ = {isa = PBXFileReference; lastKnownFileType = image.jpeg; path = Swipe.jpg; sourceTree = "<group>"; };
		712F58A72016FA9E0063816E /* Thumbs Up.png */ = {isa = PBXFileReference; lastKnownFileType = image.png; path = "Thumbs Up.png"; sourceTree = "<group>"; };
		712F58A82016FA9F0063816E /* Thumbs Up Blue.png */ = {isa = PBXFileReference; lastKnownFileType = image.png; path = "Thumbs Up Blue.png"; sourceTree = "<group>"; };
		712F58AB2016FC6A0063816E /* Thumbs Down.png */ = {isa = PBXFileReference; lastKnownFileType = image.png; path = "Thumbs Down.png"; sourceTree = "<group>"; };
		712F58AD2016FD0A0063816E /* Thumbs Down Blue.png */ = {isa = PBXFileReference; lastKnownFileType = image.png; path = "Thumbs Down Blue.png"; sourceTree = "<group>"; };
		7143D4151F451878009B26CB /* GoogleService-Info.plist */ = {isa = PBXFileReference; fileEncoding = 4; lastKnownFileType = text.plist.xml; path = "GoogleService-Info.plist"; sourceTree = "<group>"; };
		7143D4281F45A463009B26CB /* Accompaniments.png */ = {isa = PBXFileReference; lastKnownFileType = image.png; path = Accompaniments.png; sourceTree = "<group>"; };
		7143D4291F45A463009B26CB /* Cereals.png */ = {isa = PBXFileReference; lastKnownFileType = image.png; path = Cereals.png; sourceTree = "<group>"; };
		7143D42A1F45A463009B26CB /* Desserts.png */ = {isa = PBXFileReference; lastKnownFileType = image.png; path = Desserts.png; sourceTree = "<group>"; };
		7143D42B1F45A463009B26CB /* Entrees.png */ = {isa = PBXFileReference; lastKnownFileType = image.png; path = Entrees.png; sourceTree = "<group>"; };
		7143D42C1F45A463009B26CB /* Morning Sweets.png */ = {isa = PBXFileReference; lastKnownFileType = image.png; path = "Morning Sweets.png"; sourceTree = "<group>"; };
		7143D42D1F45A463009B26CB /* Pizza.png */ = {isa = PBXFileReference; lastKnownFileType = image.png; path = Pizza.png; sourceTree = "<group>"; };
		7143D42E1F45A464009B26CB /* Starches.png */ = {isa = PBXFileReference; lastKnownFileType = image.png; path = Starches.png; sourceTree = "<group>"; };
		7143D42F1F45A464009B26CB /* Burgers.png */ = {isa = PBXFileReference; lastKnownFileType = image.png; path = Burgers.png; sourceTree = "<group>"; };
		7143D4301F45A464009B26CB /* The Vegetables.png */ = {isa = PBXFileReference; lastKnownFileType = image.png; path = "The Vegetables.png"; sourceTree = "<group>"; };
		7143D4311F45A464009B26CB /* The Soup.png */ = {isa = PBXFileReference; lastKnownFileType = image.png; path = "The Soup.png"; sourceTree = "<group>"; };
		7143D4AF1F469290009B26CB /* BreakfastMenu.png */ = {isa = PBXFileReference; lastKnownFileType = image.png; path = BreakfastMenu.png; sourceTree = "<group>"; };
		7143D4B01F469290009B26CB /* BrunchMenu.png */ = {isa = PBXFileReference; lastKnownFileType = image.png; path = BrunchMenu.png; sourceTree = "<group>"; };
		7143D4B11F469290009B26CB /* DinnerMenu.png */ = {isa = PBXFileReference; lastKnownFileType = image.png; path = DinnerMenu.png; sourceTree = "<group>"; };
		7143D4B21F469290009B26CB /* HotBreakfastMenu.png */ = {isa = PBXFileReference; lastKnownFileType = image.png; path = HotBreakfastMenu.png; sourceTree = "<group>"; };
		7143D4B31F469290009B26CB /* LunchMenu.png */ = {isa = PBXFileReference; lastKnownFileType = image.png; path = LunchMenu.png; sourceTree = "<group>"; };
		7143D4B91F46B08D009B26CB /* Reload.png */ = {isa = PBXFileReference; lastKnownFileType = image.png; path = Reload.png; sourceTree = "<group>"; };
		7143D4BB1F46EA52009B26CB /* Icon-60@3x.png */ = {isa = PBXFileReference; lastKnownFileType = image.png; path = "Icon-60@3x.png"; sourceTree = "<group>"; };
		7143D4BC1F46EA52009B26CB /* Icon-76.png */ = {isa = PBXFileReference; lastKnownFileType = image.png; path = "Icon-76.png"; sourceTree = "<group>"; };
		7143D4BD1F46EA52009B26CB /* Icon-76@2x.png */ = {isa = PBXFileReference; lastKnownFileType = image.png; path = "Icon-76@2x.png"; sourceTree = "<group>"; };
		7143D4BE1F46EA52009B26CB /* Icon-83.5@2x.png */ = {isa = PBXFileReference; lastKnownFileType = image.png; path = "Icon-83.5@2x.png"; sourceTree = "<group>"; };
		7143D4BF1F46EA52009B26CB /* Icon-Small-40.png */ = {isa = PBXFileReference; lastKnownFileType = image.png; path = "Icon-Small-40.png"; sourceTree = "<group>"; };
		7143D4C01F46EA52009B26CB /* Icon-Small-40@2x.png */ = {isa = PBXFileReference; lastKnownFileType = image.png; path = "Icon-Small-40@2x.png"; sourceTree = "<group>"; };
		7143D4C11F46EA52009B26CB /* Icon-Small-40@3x.png */ = {isa = PBXFileReference; lastKnownFileType = image.png; path = "Icon-Small-40@3x.png"; sourceTree = "<group>"; };
		7143D4D31F479B5B009B26CB /* Home.png */ = {isa = PBXFileReference; lastKnownFileType = image.png; path = Home.png; sourceTree = "<group>"; };
		714C8DE61E43B76000638BD3 /* 1.png */ = {isa = PBXFileReference; lastKnownFileType = image.png; path = 1.png; sourceTree = "<group>"; };
		714C8DE71E43B76000638BD3 /* 2.png */ = {isa = PBXFileReference; lastKnownFileType = image.png; path = 2.png; sourceTree = "<group>"; };
		714C8DE81E43B76000638BD3 /* 3.png */ = {isa = PBXFileReference; lastKnownFileType = image.png; path = 3.png; sourceTree = "<group>"; };
		714C8DE91E43B76000638BD3 /* 4.png */ = {isa = PBXFileReference; lastKnownFileType = image.png; path = 4.png; sourceTree = "<group>"; };
		714C8DEA1E43B76000638BD3 /* 5.png */ = {isa = PBXFileReference; lastKnownFileType = image.png; path = 5.png; sourceTree = "<group>"; };
		714C8DEB1E43B76000638BD3 /* 6.png */ = {isa = PBXFileReference; lastKnownFileType = image.png; path = 6.png; sourceTree = "<group>"; };
		714C8DEC1E43B76000638BD3 /* 7.png */ = {isa = PBXFileReference; lastKnownFileType = image.png; path = 7.png; sourceTree = "<group>"; };
		714C8DED1E43B76000638BD3 /* 8.png */ = {isa = PBXFileReference; lastKnownFileType = image.png; path = 8.png; sourceTree = "<group>"; };
		714C8DEE1E43B76000638BD3 /* 9.png */ = {isa = PBXFileReference; lastKnownFileType = image.png; path = 9.png; sourceTree = "<group>"; };
		714C8DEF1E43B76000638BD3 /* 10.png */ = {isa = PBXFileReference; lastKnownFileType = image.png; path = 10.png; sourceTree = "<group>"; };
		719619EE1E3BFEE70060766D /* Yale Menus.app */ = {isa = PBXFileReference; explicitFileType = wrapper.application; includeInIndex = 0; path = "Yale Menus.app"; sourceTree = BUILT_PRODUCTS_DIR; };
		719619F21E3BFEE70060766D /* main.m */ = {isa = PBXFileReference; lastKnownFileType = sourcecode.c.objc; path = main.m; sourceTree = "<group>"; };
		719619F41E3BFEE70060766D /* AppDelegate.h */ = {isa = PBXFileReference; lastKnownFileType = sourcecode.c.h; path = AppDelegate.h; sourceTree = "<group>"; };
		719619F51E3BFEE70060766D /* AppDelegate.m */ = {isa = PBXFileReference; lastKnownFileType = sourcecode.c.objc; path = AppDelegate.m; sourceTree = "<group>"; };
		719619F71E3BFEE70060766D /* ViewController.h */ = {isa = PBXFileReference; lastKnownFileType = sourcecode.c.h; path = ViewController.h; sourceTree = "<group>"; };
		719619F81E3BFEE70060766D /* ViewController.m */ = {isa = PBXFileReference; lastKnownFileType = sourcecode.c.objc; path = ViewController.m; sourceTree = "<group>"; };
		719619FB1E3BFEE70060766D /* Base */ = {isa = PBXFileReference; lastKnownFileType = file.storyboard; name = Base; path = Base.lproj/Main.storyboard; sourceTree = "<group>"; };
		71961A001E3BFEE70060766D /* Base */ = {isa = PBXFileReference; lastKnownFileType = file.storyboard; name = Base; path = Base.lproj/LaunchScreen.storyboard; sourceTree = "<group>"; };
		71961A021E3BFEE70060766D /* Info.plist */ = {isa = PBXFileReference; lastKnownFileType = text.plist.xml; path = Info.plist; sourceTree = "<group>"; };
		71961A071E3BFEE70060766D /* Yale MenusTests.xctest */ = {isa = PBXFileReference; explicitFileType = wrapper.cfbundle; includeInIndex = 0; path = "Yale MenusTests.xctest"; sourceTree = BUILT_PRODUCTS_DIR; };
		71961A0B1E3BFEE70060766D /* Yale_MenusTests.m */ = {isa = PBXFileReference; lastKnownFileType = sourcecode.c.objc; path = Yale_MenusTests.m; sourceTree = "<group>"; };
		71961A0D1E3BFEE70060766D /* Info.plist */ = {isa = PBXFileReference; lastKnownFileType = text.plist.xml; path = Info.plist; sourceTree = "<group>"; };
		71961A121E3BFEE70060766D /* Yale MenusUITests.xctest */ = {isa = PBXFileReference; explicitFileType = wrapper.cfbundle; includeInIndex = 0; path = "Yale MenusUITests.xctest"; sourceTree = BUILT_PRODUCTS_DIR; };
		71961A161E3BFEE70060766D /* Yale_MenusUITests.m */ = {isa = PBXFileReference; lastKnownFileType = sourcecode.c.objc; path = Yale_MenusUITests.m; sourceTree = "<group>"; };
		71961A181E3BFEE70060766D /* Info.plist */ = {isa = PBXFileReference; lastKnownFileType = text.plist.xml; path = Info.plist; sourceTree = "<group>"; };
		71961A241E3BFF0B0060766D /* Meal.xib */ = {isa = PBXFileReference; fileEncoding = 4; lastKnownFileType = file.xib; path = Meal.xib; sourceTree = "<group>"; };
		71961A261E3BFF160060766D /* Menu.xib */ = {isa = PBXFileReference; fileEncoding = 4; lastKnownFileType = file.xib; path = Menu.xib; sourceTree = "<group>"; };
		71961A291E3BFF2B0060766D /* BK.png */ = {isa = PBXFileReference; lastKnownFileType = image.png; path = BK.png; sourceTree = "<group>"; };
		71961A2A1E3BFF2B0060766D /* BR.png */ = {isa = PBXFileReference; lastKnownFileType = image.png; path = BR.png; sourceTree = "<group>"; };
		71961A2D1E3BFF2B0060766D /* ES.png */ = {isa = PBXFileReference; lastKnownFileType = image.png; path = ES.png; sourceTree = "<group>"; };
		71961A2E1E3BFF2B0060766D /* HGS.png */ = {isa = PBXFileReference; lastKnownFileType = image.png; path = HGS.png; sourceTree = "<group>"; };
		71961A2F1E3BFF2B0060766D /* JE.png */ = {isa = PBXFileReference; lastKnownFileType = image.png; path = JE.png; sourceTree = "<group>"; };
		71961A301E3BFF2B0060766D /* MC.png */ = {isa = PBXFileReference; lastKnownFileType = image.png; path = MC.png; sourceTree = "<group>"; };
		71961A311E3BFF2B0060766D /* PC.png */ = {isa = PBXFileReference; lastKnownFileType = image.png; path = PC.png; sourceTree = "<group>"; };
		71961A331E3BFF2B0060766D /* SM.png */ = {isa = PBXFileReference; lastKnownFileType = image.png; path = SM.png; sourceTree = "<group>"; };
		71961A341E3BFF2B0060766D /* SY.png */ = {isa = PBXFileReference; lastKnownFileType = image.png; path = SY.png; sourceTree = "<group>"; };
		71961A351E3BFF2B0060766D /* TC.png */ = {isa = PBXFileReference; lastKnownFileType = image.png; path = TC.png; sourceTree = "<group>"; };
		71961A361E3BFF2B0060766D /* TD.png */ = {isa = PBXFileReference; lastKnownFileType = image.png; path = TD.png; sourceTree = "<group>"; };
		71961A6C1E3C54BE0060766D /* null.png */ = {isa = PBXFileReference; lastKnownFileType = image.png; path = null.png; sourceTree = "<group>"; };
		71961A701E3C5D780060766D /* DC.png */ = {isa = PBXFileReference; lastKnownFileType = image.png; path = DC.png; sourceTree = "<group>"; };
		71961A721E3C5D880060766D /* MY.png */ = {isa = PBXFileReference; lastKnownFileType = image.png; path = MY.png; sourceTree = "<group>"; };
		71961A741E3C5D990060766D /* BF.png */ = {isa = PBXFileReference; lastKnownFileType = image.png; path = BF.png; sourceTree = "<group>"; };
		71961AB51E3D63D90060766D /* Icon-60@2x.png */ = {isa = PBXFileReference; lastKnownFileType = image.png; path = "Icon-60@2x.png"; sourceTree = "<group>"; };
		71961AD51E3D7A260060766D /* Back.png */ = {isa = PBXFileReference; lastKnownFileType = image.png; path = Back.png; sourceTree = "<group>"; };
		71961AD71E3D8AD50060766D /* White.png */ = {isa = PBXFileReference; lastKnownFileType = image.png; path = White.png; sourceTree = "<group>"; };
		71961ADD1E3DA2070060766D /* Dinner.png */ = {isa = PBXFileReference; lastKnownFileType = image.png; path = Dinner.png; sourceTree = "<group>"; };
		71961ADE1E3DA2070060766D /* Lunch.png */ = {isa = PBXFileReference; lastKnownFileType = image.png; path = Lunch.png; sourceTree = "<group>"; };
		71961AE31E3DA24A0060766D /* Breakfast.png */ = {isa = PBXFileReference; lastKnownFileType = image.png; path = Breakfast.png; sourceTree = "<group>"; };
		71961AE51E3DA2970060766D /* Brunch.png */ = {isa = PBXFileReference; lastKnownFileType = image.png; path = Brunch.png; sourceTree = "<group>"; };
		71961AE71E3EF0B00060766D /* CM.png */ = {isa = PBXFileReference; lastKnownFileType = image.png; path = CM.png; sourceTree = "<group>"; };
		8F405E9CC742844E1BB421DE /* Pods-Yale MenusUITests.release.xcconfig */ = {isa = PBXFileReference; includeInIndex = 1; lastKnownFileType = text.xcconfig; name = "Pods-Yale MenusUITests.release.xcconfig"; path = "Pods/Target Support Files/Pods-Yale MenusUITests/Pods-Yale MenusUITests.release.xcconfig"; sourceTree = "<group>"; };
		DA4E708899F94AE08481DED8 /* Pods-Yale MenusUITests.debug.xcconfig */ = {isa = PBXFileReference; includeInIndex = 1; lastKnownFileType = text.xcconfig; name = "Pods-Yale MenusUITests.debug.xcconfig"; path = "Pods/Target Support Files/Pods-Yale MenusUITests/Pods-Yale MenusUITests.debug.xcconfig"; sourceTree = "<group>"; };
		DB72B418A9A934F28ADD8E7B /* Pods-Yale MenusTests.release.xcconfig */ = {isa = PBXFileReference; includeInIndex = 1; lastKnownFileType = text.xcconfig; name = "Pods-Yale MenusTests.release.xcconfig"; path = "Pods/Target Support Files/Pods-Yale MenusTests/Pods-Yale MenusTests.release.xcconfig"; sourceTree = "<group>"; };
		ED8F672057F358290452230D /* libPods-Yale Menus.a */ = {isa = PBXFileReference; explicitFileType = archive.ar; includeInIndex = 0; path = "libPods-Yale Menus.a"; sourceTree = BUILT_PRODUCTS_DIR; };
		EE4CF4D89D8AEC9F43431BDD /* libPods-Yale MenusTests.a */ = {isa = PBXFileReference; explicitFileType = archive.ar; includeInIndex = 0; path = "libPods-Yale MenusTests.a"; sourceTree = BUILT_PRODUCTS_DIR; };
		FB58F628FA442309AE871DF1 /* libPods-Yale MenusUITests.a */ = {isa = PBXFileReference; explicitFileType = archive.ar; includeInIndex = 0; path = "libPods-Yale MenusUITests.a"; sourceTree = BUILT_PRODUCTS_DIR; };
/* End PBXFileReference section */

/* Begin PBXFrameworksBuildPhase section */
		719619EB1E3BFEE70060766D /* Frameworks */ = {
			isa = PBXFrameworksBuildPhase;
			buildActionMask = 2147483647;
			files = (
				9D2FA9BA1C8FA70B62D0962C /* libPods-Yale Menus.a in Frameworks */,
			);
			runOnlyForDeploymentPostprocessing = 0;
		};
		71961A041E3BFEE70060766D /* Frameworks */ = {
			isa = PBXFrameworksBuildPhase;
			buildActionMask = 2147483647;
			files = (
				37234B973818BA84F0F1472F /* libPods-Yale MenusTests.a in Frameworks */,
			);
			runOnlyForDeploymentPostprocessing = 0;
		};
		71961A0F1E3BFEE70060766D /* Frameworks */ = {
			isa = PBXFrameworksBuildPhase;
			buildActionMask = 2147483647;
			files = (
				8FB5CCE3684892915291D00D /* libPods-Yale MenusUITests.a in Frameworks */,
			);
			runOnlyForDeploymentPostprocessing = 0;
		};
/* End PBXFrameworksBuildPhase section */

/* Begin PBXGroup section */
		17DF5EA0BB35560C5DE8009C /* Frameworks */ = {
			isa = PBXGroup;
			children = (
				ED8F672057F358290452230D /* libPods-Yale Menus.a */,
				EE4CF4D89D8AEC9F43431BDD /* libPods-Yale MenusTests.a */,
				FB58F628FA442309AE871DF1 /* libPods-Yale MenusUITests.a */,
			);
			name = Frameworks;
			sourceTree = "<group>";
		};
		719619E51E3BFEE70060766D = {
			isa = PBXGroup;
			children = (
				719619F01E3BFEE70060766D /* Yale Menus */,
				71961A0A1E3BFEE70060766D /* Yale MenusTests */,
				71961A151E3BFEE70060766D /* Yale MenusUITests */,
				719619EF1E3BFEE70060766D /* Products */,
				7EB7BAF9FC5241E4FAC39373 /* Pods */,
				17DF5EA0BB35560C5DE8009C /* Frameworks */,
			);
			sourceTree = "<group>";
		};
		719619EF1E3BFEE70060766D /* Products */ = {
			isa = PBXGroup;
			children = (
				719619EE1E3BFEE70060766D /* Yale Menus.app */,
				71961A071E3BFEE70060766D /* Yale MenusTests.xctest */,
				71961A121E3BFEE70060766D /* Yale MenusUITests.xctest */,
			);
			name = Products;
			sourceTree = "<group>";
		};
		719619F01E3BFEE70060766D /* Yale Menus */ = {
			isa = PBXGroup;
			children = (
				031E87B125130B1700B73A81 /* Settings.storyboard */,
				031E87AE25130AB900B73A81 /* Location.storyboard */,
				719619F41E3BFEE70060766D /* AppDelegate.h */,
				719619F51E3BFEE70060766D /* AppDelegate.m */,
				031E87B425132ACA00B73A81 /* SettingsView.h */,
				031E87B525132AE300B73A81 /* SettingsView.m */,
				719619F71E3BFEE70060766D /* ViewController.h */,
				719619F81E3BFEE70060766D /* ViewController.m */,
				719619FA1E3BFEE70060766D /* Main.storyboard */,
				71961A241E3BFF0B0060766D /* Meal.xib */,
				71961A261E3BFF160060766D /* Menu.xib */,
				719619FF1E3BFEE70060766D /* LaunchScreen.storyboard */,
				71961A021E3BFEE70060766D /* Info.plist */,
				7143D4151F451878009B26CB /* GoogleService-Info.plist */,
				719619F11E3BFEE70060766D /* Supporting Files */,
			);
			path = "Yale Menus";
			sourceTree = "<group>";
		};
		719619F11E3BFEE70060766D /* Supporting Files */ = {
			isa = PBXGroup;
			children = (
				712DCAD02039F35600DD4746 /* Swipe.jpg */,
				712F58AD2016FD0A0063816E /* Thumbs Down Blue.png */,
				712F58A82016FA9F0063816E /* Thumbs Up Blue.png */,
				712F58A72016FA9E0063816E /* Thumbs Up.png */,
				712F58AB2016FC6A0063816E /* Thumbs Down.png */,
				712DC6581F5E11860003FAFB /* New Features.jpg */,
				712DC6561F5DFFD40003FAFB /* Allergies.jpg */,
				712DC6541F5CE3620003FAFB /* Greek Yogurt Bar with Housemade Granola.png */,
				712DC6521F5CD3800003FAFB /* Fruits.png */,
				712DC6501F5CAD880003FAFB /* Bowls.png */,
				712DC6461F5B4D280003FAFB /* Gear.png */,
				712DC5C31F4FD54B0003FAFB /* Closing.jpg */,
				712DC5B81F4F511B0003FAFB /* Icon.jpg */,
				712DC5B91F4F511B0003FAFB /* Meals.jpg */,
				712DC5BA1F4F511B0003FAFB /* Menu.jpg */,
				712DC5BB1F4F511B0003FAFB /* Refresh.jpg */,
				7143D4D31F479B5B009B26CB /* Home.png */,
				712DC5C51F4FD5530003FAFB /* Intro.jpg */,
				7143D4B91F46B08D009B26CB /* Reload.png */,
				7143D4AF1F469290009B26CB /* BreakfastMenu.png */,
				7143D4B01F469290009B26CB /* BrunchMenu.png */,
				7143D4B11F469290009B26CB /* DinnerMenu.png */,
				7143D4B21F469290009B26CB /* HotBreakfastMenu.png */,
				7143D4B31F469290009B26CB /* LunchMenu.png */,
				7143D4281F45A463009B26CB /* Accompaniments.png */,
				7143D4291F45A463009B26CB /* Cereals.png */,
				7143D42A1F45A463009B26CB /* Desserts.png */,
				7143D42B1F45A463009B26CB /* Entrees.png */,
				7143D42C1F45A463009B26CB /* Morning Sweets.png */,
				7143D42D1F45A463009B26CB /* Pizza.png */,
				7143D42E1F45A464009B26CB /* Starches.png */,
				7143D42F1F45A464009B26CB /* Burgers.png */,
				7143D4301F45A464009B26CB /* The Vegetables.png */,
				712DC64C1F5CAC8E0003FAFB /* Breakfast Meat.png */,
				712DC64A1F5CAC7D0003FAFB /* Mezze Bar.png */,
				712DC6481F5CAC5F0003FAFB /* The Salad.png */,
				7143D4311F45A464009B26CB /* The Soup.png */,
				712DC64E1F5CAD700003FAFB /* The Grill.png */,
				714C8DE61E43B76000638BD3 /* 1.png */,
				714C8DE71E43B76000638BD3 /* 2.png */,
				714C8DE81E43B76000638BD3 /* 3.png */,
				714C8DE91E43B76000638BD3 /* 4.png */,
				714C8DEA1E43B76000638BD3 /* 5.png */,
				714C8DEB1E43B76000638BD3 /* 6.png */,
				714C8DEC1E43B76000638BD3 /* 7.png */,
				714C8DED1E43B76000638BD3 /* 8.png */,
				714C8DEE1E43B76000638BD3 /* 9.png */,
				714C8DEF1E43B76000638BD3 /* 10.png */,
				71961AE31E3DA24A0060766D /* Breakfast.png */,
				71961AE51E3DA2970060766D /* Brunch.png */,
				71961ADD1E3DA2070060766D /* Dinner.png */,
				71961ADE1E3DA2070060766D /* Lunch.png */,
				71961AD71E3D8AD50060766D /* White.png */,
				71961AB51E3D63D90060766D /* Icon-60@2x.png */,
				7143D4BB1F46EA52009B26CB /* Icon-60@3x.png */,
				7143D4BC1F46EA52009B26CB /* Icon-76.png */,
				7143D4BD1F46EA52009B26CB /* Icon-76@2x.png */,
				7143D4BE1F46EA52009B26CB /* Icon-83.5@2x.png */,
				7143D4BF1F46EA52009B26CB /* Icon-Small-40.png */,
				7143D4C01F46EA52009B26CB /* Icon-Small-40@2x.png */,
				7143D4C11F46EA52009B26CB /* Icon-Small-40@3x.png */,
				71961AD51E3D7A260060766D /* Back.png */,
				71961A6C1E3C54BE0060766D /* null.png */,
				71961A741E3C5D990060766D /* BF.png */,
				71961A291E3BFF2B0060766D /* BK.png */,
				71961A2A1E3BFF2B0060766D /* BR.png */,
				71961A701E3C5D780060766D /* DC.png */,
				0393AEC02321DCA200995213 /* Base.lproj */,
				0393AEC22321DCA200995213 /* Dining Data orig.txt */,
				0393AEC12321DCA200995213 /* GH.png */,
				71961A2D1E3BFF2B0060766D /* ES.png */,
				71961A2E1E3BFF2B0060766D /* HGS.png */,
				71961A2F1E3BFF2B0060766D /* JE.png */,
				71961A301E3BFF2B0060766D /* MC.png */,
				71961A311E3BFF2B0060766D /* PC.png */,
				71961A721E3C5D880060766D /* MY.png */,
				71961A331E3BFF2B0060766D /* SM.png */,
				71961A341E3BFF2B0060766D /* SY.png */,
				71961A351E3BFF2B0060766D /* TC.png */,
				71961A361E3BFF2B0060766D /* TD.png */,
				71961AE71E3EF0B00060766D /* CM.png */,
				719619F21E3BFEE70060766D /* main.m */,
			);
			name = "Supporting Files";
			sourceTree = "<group>";
		};
		71961A0A1E3BFEE70060766D /* Yale MenusTests */ = {
			isa = PBXGroup;
			children = (
				71961A0B1E3BFEE70060766D /* Yale_MenusTests.m */,
				71961A0D1E3BFEE70060766D /* Info.plist */,
			);
			path = "Yale MenusTests";
			sourceTree = "<group>";
		};
		71961A151E3BFEE70060766D /* Yale MenusUITests */ = {
			isa = PBXGroup;
			children = (
				71961A161E3BFEE70060766D /* Yale_MenusUITests.m */,
				71961A181E3BFEE70060766D /* Info.plist */,
			);
			path = "Yale MenusUITests";
			sourceTree = "<group>";
		};
		7EB7BAF9FC5241E4FAC39373 /* Pods */ = {
			isa = PBXGroup;
			children = (
				35E41EBC7DB5B12B17CCEB6F /* Pods-Yale Menus.debug.xcconfig */,
				3313F0C025E0537F6639EB12 /* Pods-Yale Menus.release.xcconfig */,
				1833A097405D3BCD8767EC5A /* Pods-Yale MenusTests.debug.xcconfig */,
				DB72B418A9A934F28ADD8E7B /* Pods-Yale MenusTests.release.xcconfig */,
				DA4E708899F94AE08481DED8 /* Pods-Yale MenusUITests.debug.xcconfig */,
				8F405E9CC742844E1BB421DE /* Pods-Yale MenusUITests.release.xcconfig */,
			);
			name = Pods;
			sourceTree = "<group>";
		};
/* End PBXGroup section */

/* Begin PBXNativeTarget section */
		719619ED1E3BFEE70060766D /* Yale Menus */ = {
			isa = PBXNativeTarget;
			buildConfigurationList = 71961A1B1E3BFEE70060766D /* Build configuration list for PBXNativeTarget "Yale Menus" */;
			buildPhases = (
				01BEA38DD9FC3F1EFBB3EB16 /* [CP] Check Pods Manifest.lock */,
				719619EA1E3BFEE70060766D /* Sources */,
				719619EB1E3BFEE70060766D /* Frameworks */,
				719619EC1E3BFEE70060766D /* Resources */,
			);
			buildRules = (
			);
			dependencies = (
			);
			name = "Yale Menus";
			productName = "Yale Menus";
			productReference = 719619EE1E3BFEE70060766D /* Yale Menus.app */;
			productType = "com.apple.product-type.application";
		};
		71961A061E3BFEE70060766D /* Yale MenusTests */ = {
			isa = PBXNativeTarget;
			buildConfigurationList = 71961A1E1E3BFEE70060766D /* Build configuration list for PBXNativeTarget "Yale MenusTests" */;
			buildPhases = (
				04792F56B03F18206F59FBA1 /* [CP] Check Pods Manifest.lock */,
				71961A031E3BFEE70060766D /* Sources */,
				71961A041E3BFEE70060766D /* Frameworks */,
				71961A051E3BFEE70060766D /* Resources */,
			);
			buildRules = (
			);
			dependencies = (
				71961A091E3BFEE70060766D /* PBXTargetDependency */,
			);
			name = "Yale MenusTests";
			productName = "Yale MenusTests";
			productReference = 71961A071E3BFEE70060766D /* Yale MenusTests.xctest */;
			productType = "com.apple.product-type.bundle.unit-test";
		};
		71961A111E3BFEE70060766D /* Yale MenusUITests */ = {
			isa = PBXNativeTarget;
			buildConfigurationList = 71961A211E3BFEE70060766D /* Build configuration list for PBXNativeTarget "Yale MenusUITests" */;
			buildPhases = (
				D1D232D12329673972EDAD56 /* [CP] Check Pods Manifest.lock */,
				71961A0E1E3BFEE70060766D /* Sources */,
				71961A0F1E3BFEE70060766D /* Frameworks */,
				71961A101E3BFEE70060766D /* Resources */,
			);
			buildRules = (
			);
			dependencies = (
				71961A141E3BFEE70060766D /* PBXTargetDependency */,
			);
			name = "Yale MenusUITests";
			productName = "Yale MenusUITests";
			productReference = 71961A121E3BFEE70060766D /* Yale MenusUITests.xctest */;
			productType = "com.apple.product-type.bundle.ui-testing";
		};
/* End PBXNativeTarget section */

/* Begin PBXProject section */
		719619E61E3BFEE70060766D /* Project object */ = {
			isa = PBXProject;
			attributes = {
				LastUpgradeCheck = 1030;
				ORGANIZATIONNAME = "Eric Foster";
				TargetAttributes = {
					719619ED1E3BFEE70060766D = {
						CreatedOnToolsVersion = 8.2.1;
						DevelopmentTeam = 9UK7273933;
						ProvisioningStyle = Automatic;
					};
					71961A061E3BFEE70060766D = {
						CreatedOnToolsVersion = 8.2.1;
						ProvisioningStyle = Automatic;
						TestTargetID = 719619ED1E3BFEE70060766D;
					};
					71961A111E3BFEE70060766D = {
						CreatedOnToolsVersion = 8.2.1;
						ProvisioningStyle = Automatic;
						TestTargetID = 719619ED1E3BFEE70060766D;
					};
				};
			};
			buildConfigurationList = 719619E91E3BFEE70060766D /* Build configuration list for PBXProject "Yale Menus" */;
			compatibilityVersion = "Xcode 3.2";
			developmentRegion = en;
			hasScannedForEncodings = 0;
			knownRegions = (
				en,
				Base,
			);
			mainGroup = 719619E51E3BFEE70060766D;
			productRefGroup = 719619EF1E3BFEE70060766D /* Products */;
			projectDirPath = "";
			projectRoot = "";
			targets = (
				719619ED1E3BFEE70060766D /* Yale Menus */,
				71961A061E3BFEE70060766D /* Yale MenusTests */,
				71961A111E3BFEE70060766D /* Yale MenusUITests */,
			);
		};
/* End PBXProject section */

/* Begin PBXResourcesBuildPhase section */
		719619EC1E3BFEE70060766D /* Resources */ = {
			isa = PBXResourcesBuildPhase;
			buildActionMask = 2147483647;
			files = (
				714C8DF31E43B76000638BD3 /* 4.png in Resources */,
				71961AE81E3EF0B00060766D /* CM.png in Resources */,
				71961A711E3C5D780060766D /* DC.png in Resources */,
				712F58AC2016FC6A0063816E /* Thumbs Down.png in Resources */,
				7143D4341F45A464009B26CB /* Desserts.png in Resources */,
				7143D4C21F46EA53009B26CB /* Icon-60@3x.png in Resources */,
				7143D43A1F45A464009B26CB /* The Vegetables.png in Resources */,
				7143D4BA1F46B08D009B26CB /* Reload.png in Resources */,
				712DC5C01F4F511B0003FAFB /* Refresh.jpg in Resources */,
				71961AD61E3D7A260060766D /* Back.png in Resources */,
				71961A751E3C5D990060766D /* BF.png in Resources */,
				714C8DF41E43B76000638BD3 /* 5.png in Resources */,
				71961A3E1E3BFF2B0060766D /* JE.png in Resources */,
				71961AE11E3DA2070060766D /* Dinner.png in Resources */,
				712DC64B1F5CAC7D0003FAFB /* Mezze Bar.png in Resources */,
				71961A431E3BFF2B0060766D /* SY.png in Resources */,
				7143D4B51F469290009B26CB /* BrunchMenu.png in Resources */,
				7143D4C31F46EA53009B26CB /* Icon-76.png in Resources */,
				712DCAD12039F35600DD4746 /* Swipe.jpg in Resources */,
				712DC6531F5CD3800003FAFB /* Fruits.png in Resources */,
				7143D4B41F469290009B26CB /* BreakfastMenu.png in Resources */,
				712DC6471F5B4D280003FAFB /* Gear.png in Resources */,
				0393AEC32321DCA200995213 /* Base.lproj in Resources */,
				7143D4D41F479B5B009B26CB /* Home.png in Resources */,
				71961A441E3BFF2B0060766D /* TC.png in Resources */,
				714C8DF11E43B76000638BD3 /* 2.png in Resources */,
				71961AB61E3D63D90060766D /* Icon-60@2x.png in Resources */,
				712DC6591F5E11860003FAFB /* New Features.jpg in Resources */,
				712F58AE2016FD0B0063816E /* Thumbs Down Blue.png in Resources */,
				714C8DF01E43B76000638BD3 /* 1.png in Resources */,
				712DC5BF1F4F511B0003FAFB /* Menu.jpg in Resources */,
				714C8DF21E43B76000638BD3 /* 3.png in Resources */,
				714C8DF51E43B76000638BD3 /* 6.png in Resources */,
				7143D4B61F469290009B26CB /* DinnerMenu.png in Resources */,
				714C8DF81E43B76000638BD3 /* 9.png in Resources */,
				031E87B325130B1700B73A81 /* Settings.storyboard in Resources */,
				71961AE61E3DA2970060766D /* Brunch.png in Resources */,
				712DC64F1F5CAD700003FAFB /* The Grill.png in Resources */,
				712DC5BD1F4F511B0003FAFB /* Icon.jpg in Resources */,
				7143D4C51F46EA53009B26CB /* Icon-83.5@2x.png in Resources */,
				712DC6511F5CAD880003FAFB /* Bowls.png in Resources */,
				7143D4B81F469290009B26CB /* LunchMenu.png in Resources */,
				7143D4371F45A464009B26CB /* Pizza.png in Resources */,
				712DC64D1F5CAC8E0003FAFB /* Breakfast Meat.png in Resources */,
				712F58A92016FA9F0063816E /* Thumbs Up.png in Resources */,
				7143D4161F451878009B26CB /* GoogleService-Info.plist in Resources */,
				71961A3D1E3BFF2B0060766D /* HGS.png in Resources */,
				7143D4C71F46EA53009B26CB /* Icon-Small-40@2x.png in Resources */,
				7143D4331F45A464009B26CB /* Cereals.png in Resources */,
				71961AE21E3DA2070060766D /* Lunch.png in Resources */,
				71961A451E3BFF2B0060766D /* TD.png in Resources */,
				712DC6491F5CAC5F0003FAFB /* The Salad.png in Resources */,
				71961A251E3BFF0B0060766D /* Meal.xib in Resources */,
				0393AEC52321DCA200995213 /* Dining Data orig.txt in Resources */,
				7143D4B71F469290009B26CB /* HotBreakfastMenu.png in Resources */,
				71961A381E3BFF2B0060766D /* BK.png in Resources */,
				71961AD81E3D8AD50060766D /* White.png in Resources */,
				0393AEC42321DCA200995213 /* GH.png in Resources */,
				712F58AA2016FA9F0063816E /* Thumbs Up Blue.png in Resources */,
				7143D4391F45A464009B26CB /* Burgers.png in Resources */,
				712DC5BE1F4F511B0003FAFB /* Meals.jpg in Resources */,
				712DC6571F5DFFD50003FAFB /* Allergies.jpg in Resources */,
				7143D4361F45A464009B26CB /* Morning Sweets.png in Resources */,
				7143D4321F45A464009B26CB /* Accompaniments.png in Resources */,
				712DC5C41F4FD54B0003FAFB /* Closing.jpg in Resources */,
				71961A401E3BFF2B0060766D /* PC.png in Resources */,
				712DC5C61F4FD5530003FAFB /* Intro.jpg in Resources */,
				712DC6551F5CE3620003FAFB /* Greek Yogurt Bar with Housemade Granola.png in Resources */,
				71961A421E3BFF2B0060766D /* SM.png in Resources */,
				71961A271E3BFF160060766D /* Menu.xib in Resources */,
				714C8DF91E43B76000638BD3 /* 10.png in Resources */,
				7143D43B1F45A464009B26CB /* The Soup.png in Resources */,
				71961A011E3BFEE70060766D /* LaunchScreen.storyboard in Resources */,
				71961A3F1E3BFF2B0060766D /* MC.png in Resources */,
				7143D4381F45A464009B26CB /* Starches.png in Resources */,
				7143D4C81F46EA53009B26CB /* Icon-Small-40@3x.png in Resources */,
				714C8DF61E43B76000638BD3 /* 7.png in Resources */,
				71961A731E3C5D880060766D /* MY.png in Resources */,
				7143D4C61F46EA53009B26CB /* Icon-Small-40.png in Resources */,
				7143D4351F45A464009B26CB /* Entrees.png in Resources */,
				71961A391E3BFF2B0060766D /* BR.png in Resources */,
				71961AE41E3DA24A0060766D /* Breakfast.png in Resources */,
				714C8DF71E43B76000638BD3 /* 8.png in Resources */,
				71961A6D1E3C54BE0060766D /* null.png in Resources */,
				719619FC1E3BFEE70060766D /* Main.storyboard in Resources */,
				031E87B025130AB900B73A81 /* Location.storyboard in Resources */,
				7143D4C41F46EA53009B26CB /* Icon-76@2x.png in Resources */,
				71961A3C1E3BFF2B0060766D /* ES.png in Resources */,
			);
			runOnlyForDeploymentPostprocessing = 0;
		};
		71961A051E3BFEE70060766D /* Resources */ = {
			isa = PBXResourcesBuildPhase;
			buildActionMask = 2147483647;
			files = (
				7143D4261F455797009B26CB /* GoogleService-Info.plist in Resources */,
			);
			runOnlyForDeploymentPostprocessing = 0;
		};
		71961A101E3BFEE70060766D /* Resources */ = {
			isa = PBXResourcesBuildPhase;
			buildActionMask = 2147483647;
			files = (
				7143D4271F455797009B26CB /* GoogleService-Info.plist in Resources */,
			);
			runOnlyForDeploymentPostprocessing = 0;
		};
/* End PBXResourcesBuildPhase section */

/* Begin PBXShellScriptBuildPhase section */
		01BEA38DD9FC3F1EFBB3EB16 /* [CP] Check Pods Manifest.lock */ = {
			isa = PBXShellScriptBuildPhase;
			buildActionMask = 2147483647;
			files = (
			);
			inputPaths = (
				"${PODS_PODFILE_DIR_PATH}/Podfile.lock",
				"${PODS_ROOT}/Manifest.lock",
			);
			name = "[CP] Check Pods Manifest.lock";
			outputPaths = (
				"$(DERIVED_FILE_DIR)/Pods-Yale Menus-checkManifestLockResult.txt",
			);
			runOnlyForDeploymentPostprocessing = 0;
			shellPath = /bin/sh;
			shellScript = "diff \"${PODS_PODFILE_DIR_PATH}/Podfile.lock\" \"${PODS_ROOT}/Manifest.lock\" > /dev/null\nif [ $? != 0 ] ; then\n    # print error to STDERR\n    echo \"error: The sandbox is not in sync with the Podfile.lock. Run 'pod install' or update your CocoaPods installation.\" >&2\n    exit 1\nfi\n# This output is used by Xcode 'outputs' to avoid re-running this script phase.\necho \"SUCCESS\" > \"${SCRIPT_OUTPUT_FILE_0}\"\n";
			showEnvVarsInLog = 0;
		};
		04792F56B03F18206F59FBA1 /* [CP] Check Pods Manifest.lock */ = {
			isa = PBXShellScriptBuildPhase;
			buildActionMask = 2147483647;
			files = (
			);
			inputPaths = (
				"${PODS_PODFILE_DIR_PATH}/Podfile.lock",
				"${PODS_ROOT}/Manifest.lock",
			);
			name = "[CP] Check Pods Manifest.lock";
			outputPaths = (
				"$(DERIVED_FILE_DIR)/Pods-Yale MenusTests-checkManifestLockResult.txt",
			);
			runOnlyForDeploymentPostprocessing = 0;
			shellPath = /bin/sh;
			shellScript = "diff \"${PODS_PODFILE_DIR_PATH}/Podfile.lock\" \"${PODS_ROOT}/Manifest.lock\" > /dev/null\nif [ $? != 0 ] ; then\n    # print error to STDERR\n    echo \"error: The sandbox is not in sync with the Podfile.lock. Run 'pod install' or update your CocoaPods installation.\" >&2\n    exit 1\nfi\n# This output is used by Xcode 'outputs' to avoid re-running this script phase.\necho \"SUCCESS\" > \"${SCRIPT_OUTPUT_FILE_0}\"\n";
			showEnvVarsInLog = 0;
		};
		D1D232D12329673972EDAD56 /* [CP] Check Pods Manifest.lock */ = {
			isa = PBXShellScriptBuildPhase;
			buildActionMask = 2147483647;
			files = (
			);
			inputPaths = (
				"${PODS_PODFILE_DIR_PATH}/Podfile.lock",
				"${PODS_ROOT}/Manifest.lock",
			);
			name = "[CP] Check Pods Manifest.lock";
			outputPaths = (
				"$(DERIVED_FILE_DIR)/Pods-Yale MenusUITests-checkManifestLockResult.txt",
			);
			runOnlyForDeploymentPostprocessing = 0;
			shellPath = /bin/sh;
			shellScript = "diff \"${PODS_PODFILE_DIR_PATH}/Podfile.lock\" \"${PODS_ROOT}/Manifest.lock\" > /dev/null\nif [ $? != 0 ] ; then\n    # print error to STDERR\n    echo \"error: The sandbox is not in sync with the Podfile.lock. Run 'pod install' or update your CocoaPods installation.\" >&2\n    exit 1\nfi\n# This output is used by Xcode 'outputs' to avoid re-running this script phase.\necho \"SUCCESS\" > \"${SCRIPT_OUTPUT_FILE_0}\"\n";
			showEnvVarsInLog = 0;
		};
/* End PBXShellScriptBuildPhase section */

/* Begin PBXSourcesBuildPhase section */
		719619EA1E3BFEE70060766D /* Sources */ = {
			isa = PBXSourcesBuildPhase;
			buildActionMask = 2147483647;
			files = (
				719619F91E3BFEE70060766D /* ViewController.m in Sources */,
				031E87B625132AE300B73A81 /* SettingsView.m in Sources */,
				719619F61E3BFEE70060766D /* AppDelegate.m in Sources */,
				719619F31E3BFEE70060766D /* main.m in Sources */,
			);
			runOnlyForDeploymentPostprocessing = 0;
		};
		71961A031E3BFEE70060766D /* Sources */ = {
			isa = PBXSourcesBuildPhase;
			buildActionMask = 2147483647;
			files = (
				71961A0C1E3BFEE70060766D /* Yale_MenusTests.m in Sources */,
			);
			runOnlyForDeploymentPostprocessing = 0;
		};
		71961A0E1E3BFEE70060766D /* Sources */ = {
			isa = PBXSourcesBuildPhase;
			buildActionMask = 2147483647;
			files = (
				71961A171E3BFEE70060766D /* Yale_MenusUITests.m in Sources */,
			);
			runOnlyForDeploymentPostprocessing = 0;
		};
/* End PBXSourcesBuildPhase section */

/* Begin PBXTargetDependency section */
		71961A091E3BFEE70060766D /* PBXTargetDependency */ = {
			isa = PBXTargetDependency;
			target = 719619ED1E3BFEE70060766D /* Yale Menus */;
			targetProxy = 71961A081E3BFEE70060766D /* PBXContainerItemProxy */;
		};
		71961A141E3BFEE70060766D /* PBXTargetDependency */ = {
			isa = PBXTargetDependency;
			target = 719619ED1E3BFEE70060766D /* Yale Menus */;
			targetProxy = 71961A131E3BFEE70060766D /* PBXContainerItemProxy */;
		};
/* End PBXTargetDependency section */

/* Begin PBXVariantGroup section */
		031E87AE25130AB900B73A81 /* Location.storyboard */ = {
			isa = PBXVariantGroup;
			children = (
				031E87AF25130AB900B73A81 /* Base */,
			);
			name = Location.storyboard;
			sourceTree = "<group>";
		};
		031E87B125130B1700B73A81 /* Settings.storyboard */ = {
			isa = PBXVariantGroup;
			children = (
				031E87B225130B1700B73A81 /* Base */,
			);
			name = Settings.storyboard;
			sourceTree = "<group>";
		};
		719619FA1E3BFEE70060766D /* Main.storyboard */ = {
			isa = PBXVariantGroup;
			children = (
				719619FB1E3BFEE70060766D /* Base */,
			);
			name = Main.storyboard;
			sourceTree = "<group>";
		};
		719619FF1E3BFEE70060766D /* LaunchScreen.storyboard */ = {
			isa = PBXVariantGroup;
			children = (
				71961A001E3BFEE70060766D /* Base */,
			);
			name = LaunchScreen.storyboard;
			sourceTree = "<group>";
		};
/* End PBXVariantGroup section */

/* Begin XCBuildConfiguration section */
		71961A191E3BFEE70060766D /* Debug */ = {
			isa = XCBuildConfiguration;
			buildSettings = {
				ALWAYS_SEARCH_USER_PATHS = NO;
				CLANG_ANALYZER_NONNULL = YES;
				CLANG_CXX_LANGUAGE_STANDARD = "gnu++0x";
				CLANG_CXX_LIBRARY = "libc++";
				CLANG_ENABLE_MODULES = YES;
				CLANG_ENABLE_OBJC_ARC = YES;
				CLANG_WARN_BLOCK_CAPTURE_AUTORELEASING = YES;
				CLANG_WARN_BOOL_CONVERSION = YES;
				CLANG_WARN_COMMA = YES;
				CLANG_WARN_CONSTANT_CONVERSION = YES;
				CLANG_WARN_DEPRECATED_OBJC_IMPLEMENTATIONS = YES;
				CLANG_WARN_DIRECT_OBJC_ISA_USAGE = YES_ERROR;
				CLANG_WARN_DOCUMENTATION_COMMENTS = YES;
				CLANG_WARN_EMPTY_BODY = YES;
				CLANG_WARN_ENUM_CONVERSION = YES;
				CLANG_WARN_INFINITE_RECURSION = YES;
				CLANG_WARN_INT_CONVERSION = YES;
				CLANG_WARN_NON_LITERAL_NULL_CONVERSION = YES;
				CLANG_WARN_OBJC_IMPLICIT_RETAIN_SELF = YES;
				CLANG_WARN_OBJC_LITERAL_CONVERSION = YES;
				CLANG_WARN_OBJC_ROOT_CLASS = YES_ERROR;
				CLANG_WARN_RANGE_LOOP_ANALYSIS = YES;
				CLANG_WARN_STRICT_PROTOTYPES = YES;
				CLANG_WARN_SUSPICIOUS_MOVE = YES;
				CLANG_WARN_UNREACHABLE_CODE = YES;
				CLANG_WARN__DUPLICATE_METHOD_MATCH = YES;
				"CODE_SIGN_IDENTITY[sdk=iphoneos*]" = "iPhone Developer";
				COPY_PHASE_STRIP = NO;
				DEBUG_INFORMATION_FORMAT = dwarf;
				ENABLE_STRICT_OBJC_MSGSEND = YES;
				ENABLE_TESTABILITY = YES;
				GCC_C_LANGUAGE_STANDARD = gnu99;
				GCC_DYNAMIC_NO_PIC = NO;
				GCC_NO_COMMON_BLOCKS = YES;
				GCC_OPTIMIZATION_LEVEL = 0;
				GCC_PREPROCESSOR_DEFINITIONS = (
					"DEBUG=1",
					"$(inherited)",
				);
				GCC_WARN_64_TO_32_BIT_CONVERSION = YES;
				GCC_WARN_ABOUT_RETURN_TYPE = YES_ERROR;
				GCC_WARN_UNDECLARED_SELECTOR = YES;
				GCC_WARN_UNINITIALIZED_AUTOS = YES_AGGRESSIVE;
				GCC_WARN_UNUSED_FUNCTION = YES;
				GCC_WARN_UNUSED_VARIABLE = YES;
				IPHONEOS_DEPLOYMENT_TARGET = 10.2;
				MTL_ENABLE_DEBUG_INFO = YES;
				ONLY_ACTIVE_ARCH = YES;
				SDKROOT = iphoneos;
				TARGETED_DEVICE_FAMILY = "1,2";
			};
			name = Debug;
		};
		71961A1A1E3BFEE70060766D /* Release */ = {
			isa = XCBuildConfiguration;
			buildSettings = {
				ALWAYS_SEARCH_USER_PATHS = NO;
				CLANG_ANALYZER_NONNULL = YES;
				CLANG_CXX_LANGUAGE_STANDARD = "gnu++0x";
				CLANG_CXX_LIBRARY = "libc++";
				CLANG_ENABLE_MODULES = YES;
				CLANG_ENABLE_OBJC_ARC = YES;
				CLANG_WARN_BLOCK_CAPTURE_AUTORELEASING = YES;
				CLANG_WARN_BOOL_CONVERSION = YES;
				CLANG_WARN_COMMA = YES;
				CLANG_WARN_CONSTANT_CONVERSION = YES;
				CLANG_WARN_DEPRECATED_OBJC_IMPLEMENTATIONS = YES;
				CLANG_WARN_DIRECT_OBJC_ISA_USAGE = YES_ERROR;
				CLANG_WARN_DOCUMENTATION_COMMENTS = YES;
				CLANG_WARN_EMPTY_BODY = YES;
				CLANG_WARN_ENUM_CONVERSION = YES;
				CLANG_WARN_INFINITE_RECURSION = YES;
				CLANG_WARN_INT_CONVERSION = YES;
				CLANG_WARN_NON_LITERAL_NULL_CONVERSION = YES;
				CLANG_WARN_OBJC_IMPLICIT_RETAIN_SELF = YES;
				CLANG_WARN_OBJC_LITERAL_CONVERSION = YES;
				CLANG_WARN_OBJC_ROOT_CLASS = YES_ERROR;
				CLANG_WARN_RANGE_LOOP_ANALYSIS = YES;
				CLANG_WARN_STRICT_PROTOTYPES = YES;
				CLANG_WARN_SUSPICIOUS_MOVE = YES;
				CLANG_WARN_UNREACHABLE_CODE = YES;
				CLANG_WARN__DUPLICATE_METHOD_MATCH = YES;
				"CODE_SIGN_IDENTITY[sdk=iphoneos*]" = "iPhone Developer";
				COPY_PHASE_STRIP = NO;
				DEBUG_INFORMATION_FORMAT = "dwarf-with-dsym";
				ENABLE_NS_ASSERTIONS = NO;
				ENABLE_STRICT_OBJC_MSGSEND = YES;
				GCC_C_LANGUAGE_STANDARD = gnu99;
				GCC_NO_COMMON_BLOCKS = YES;
				GCC_WARN_64_TO_32_BIT_CONVERSION = YES;
				GCC_WARN_ABOUT_RETURN_TYPE = YES_ERROR;
				GCC_WARN_UNDECLARED_SELECTOR = YES;
				GCC_WARN_UNINITIALIZED_AUTOS = YES_AGGRESSIVE;
				GCC_WARN_UNUSED_FUNCTION = YES;
				GCC_WARN_UNUSED_VARIABLE = YES;
				IPHONEOS_DEPLOYMENT_TARGET = 10.2;
				MTL_ENABLE_DEBUG_INFO = NO;
				SDKROOT = iphoneos;
				TARGETED_DEVICE_FAMILY = "1,2";
				VALIDATE_PRODUCT = YES;
			};
			name = Release;
		};
		71961A1C1E3BFEE70060766D /* Debug */ = {
			isa = XCBuildConfiguration;
			baseConfigurationReference = 35E41EBC7DB5B12B17CCEB6F /* Pods-Yale Menus.debug.xcconfig */;
			buildSettings = {
				ASSETCATALOG_COMPILER_APPICON_NAME = AppIcon;
				DEVELOPMENT_TEAM = 9UK7273933;
				FRAMEWORK_SEARCH_PATHS = (
					"$(inherited)",
					"$(PROJECT_DIR)/Yale\\ Menus",
					"$(PROJECT_DIR)/Yale\\ Menus",
					"$(PROJECT_DIR)/Yale\\ Menus",
					"$(PROJECT_DIR)/Yale\\ Menus",
					"$(PROJECT_DIR)/Yale\\ Menus",
					"$(PROJECT_DIR)/Yale\\ Menus",
					"$(PROJECT_DIR)/Yale\\ Menus",
				);
				INFOPLIST_FILE = "Yale Menus/Info.plist";
				IPHONEOS_DEPLOYMENT_TARGET = 10.2;
				LD_RUNPATH_SEARCH_PATHS = "$(inherited) @executable_path/Frameworks";
				OTHER_LDFLAGS = "$(inherited)";
				PRODUCT_BUNDLE_IDENTIFIER = com.ericfoster.YaleMenus;
				PRODUCT_NAME = "$(TARGET_NAME)";
				TARGETED_DEVICE_FAMILY = 1;
			};
			name = Debug;
		};
		71961A1D1E3BFEE70060766D /* Release */ = {
			isa = XCBuildConfiguration;
			baseConfigurationReference = 3313F0C025E0537F6639EB12 /* Pods-Yale Menus.release.xcconfig */;
			buildSettings = {
				ASSETCATALOG_COMPILER_APPICON_NAME = AppIcon;
				DEVELOPMENT_TEAM = 9UK7273933;
				FRAMEWORK_SEARCH_PATHS = (
					"$(inherited)",
					"$(PROJECT_DIR)/Yale\\ Menus",
					"$(PROJECT_DIR)/Yale\\ Menus",
					"$(PROJECT_DIR)/Yale\\ Menus",
					"$(PROJECT_DIR)/Yale\\ Menus",
					"$(PROJECT_DIR)/Yale\\ Menus",
					"$(PROJECT_DIR)/Yale\\ Menus",
					"$(PROJECT_DIR)/Yale\\ Menus",
				);
				INFOPLIST_FILE = "Yale Menus/Info.plist";
				IPHONEOS_DEPLOYMENT_TARGET = 10.2;
				LD_RUNPATH_SEARCH_PATHS = "$(inherited) @executable_path/Frameworks";
				OTHER_LDFLAGS = "$(inherited)";
				PRODUCT_BUNDLE_IDENTIFIER = com.ericfoster.YaleMenus;
				PRODUCT_NAME = "$(TARGET_NAME)";
				TARGETED_DEVICE_FAMILY = 1;
			};
			name = Release;
		};
		71961A1F1E3BFEE70060766D /* Debug */ = {
			isa = XCBuildConfiguration;
			baseConfigurationReference = 1833A097405D3BCD8767EC5A /* Pods-Yale MenusTests.debug.xcconfig */;
			buildSettings = {
				BUNDLE_LOADER = "$(TEST_HOST)";
				INFOPLIST_FILE = "Yale MenusTests/Info.plist";
				LD_RUNPATH_SEARCH_PATHS = "$(inherited) @executable_path/Frameworks @loader_path/Frameworks";
				PRODUCT_BUNDLE_IDENTIFIER = "com.ericfoster.Yale-MenusTests";
				PRODUCT_NAME = "$(TARGET_NAME)";
				TEST_HOST = "$(BUILT_PRODUCTS_DIR)/Yale Menus.app/Yale Menus";
			};
			name = Debug;
		};
		71961A201E3BFEE70060766D /* Release */ = {
			isa = XCBuildConfiguration;
			baseConfigurationReference = DB72B418A9A934F28ADD8E7B /* Pods-Yale MenusTests.release.xcconfig */;
			buildSettings = {
				BUNDLE_LOADER = "$(TEST_HOST)";
				INFOPLIST_FILE = "Yale MenusTests/Info.plist";
				LD_RUNPATH_SEARCH_PATHS = "$(inherited) @executable_path/Frameworks @loader_path/Frameworks";
				PRODUCT_BUNDLE_IDENTIFIER = "com.ericfoster.Yale-MenusTests";
				PRODUCT_NAME = "$(TARGET_NAME)";
				TEST_HOST = "$(BUILT_PRODUCTS_DIR)/Yale Menus.app/Yale Menus";
			};
			name = Release;
		};
		71961A221E3BFEE70060766D /* Debug */ = {
			isa = XCBuildConfiguration;
			baseConfigurationReference = DA4E708899F94AE08481DED8 /* Pods-Yale MenusUITests.debug.xcconfig */;
			buildSettings = {
				INFOPLIST_FILE = "Yale MenusUITests/Info.plist";
				LD_RUNPATH_SEARCH_PATHS = "$(inherited) @executable_path/Frameworks @loader_path/Frameworks";
				PRODUCT_BUNDLE_IDENTIFIER = "com.ericfoster.Yale-MenusUITests";
				PRODUCT_NAME = "$(TARGET_NAME)";
				TEST_TARGET_NAME = "Yale Menus";
			};
			name = Debug;
		};
		71961A231E3BFEE70060766D /* Release */ = {
			isa = XCBuildConfiguration;
			baseConfigurationReference = 8F405E9CC742844E1BB421DE /* Pods-Yale MenusUITests.release.xcconfig */;
			buildSettings = {
				INFOPLIST_FILE = "Yale MenusUITests/Info.plist";
				LD_RUNPATH_SEARCH_PATHS = "$(inherited) @executable_path/Frameworks @loader_path/Frameworks";
				PRODUCT_BUNDLE_IDENTIFIER = "com.ericfoster.Yale-MenusUITests";
				PRODUCT_NAME = "$(TARGET_NAME)";
				TEST_TARGET_NAME = "Yale Menus";
			};
			name = Release;
		};
/* End XCBuildConfiguration section */

/* Begin XCConfigurationList section */
		719619E91E3BFEE70060766D /* Build configuration list for PBXProject "Yale Menus" */ = {
			isa = XCConfigurationList;
			buildConfigurations = (
				71961A191E3BFEE70060766D /* Debug */,
				71961A1A1E3BFEE70060766D /* Release */,
			);
			defaultConfigurationIsVisible = 0;
			defaultConfigurationName = Release;
		};
		71961A1B1E3BFEE70060766D /* Build configuration list for PBXNativeTarget "Yale Menus" */ = {
			isa = XCConfigurationList;
			buildConfigurations = (
				71961A1C1E3BFEE70060766D /* Debug */,
				71961A1D1E3BFEE70060766D /* Release */,
			);
			defaultConfigurationIsVisible = 0;
			defaultConfigurationName = Release;
		};
		71961A1E1E3BFEE70060766D /* Build configuration list for PBXNativeTarget "Yale MenusTests" */ = {
			isa = XCConfigurationList;
			buildConfigurations = (
				71961A1F1E3BFEE70060766D /* Debug */,
				71961A201E3BFEE70060766D /* Release */,
			);
			defaultConfigurationIsVisible = 0;
			defaultConfigurationName = Release;
		};
		71961A211E3BFEE70060766D /* Build configuration list for PBXNativeTarget "Yale MenusUITests" */ = {
			isa = XCConfigurationList;
			buildConfigurations = (
				71961A221E3BFEE70060766D /* Debug */,
				71961A231E3BFEE70060766D /* Release */,
			);
			defaultConfigurationIsVisible = 0;
			defaultConfigurationName = Release;
		};
/* End XCConfigurationList section */
	};
	rootObject = 719619E61E3BFEE70060766D /* Project object */;
}
