// !$*UTF8*$!
{
	archiveVersion = 1;
	classes = {
	};
	objectVersion = 50;
	objects = {

/* Begin PBXBuildFile section */
		035DF3E925291BCC004C95B0 /* AppDelegate.swift in Sources */ = {isa = PBXBuildFile; fileRef = 035DF3E825291BCC004C95B0 /* AppDelegate.swift */; };
		035DF3EB25291BCC004C95B0 /* SceneDelegate.swift in Sources */ = {isa = PBXBuildFile; fileRef = 035DF3EA25291BCC004C95B0 /* SceneDelegate.swift */; };
		035DF3ED25291BCC004C95B0 /* ContentView.swift in Sources */ = {isa = PBXBuildFile; fileRef = 035DF3EC25291BCC004C95B0 /* ContentView.swift */; };
		035DF3EF25291BCE004C95B0 /* Assets.xcassets in Resources */ = {isa = PBXBuildFile; fileRef = 035DF3EE25291BCE004C95B0 /* Assets.xcassets */; };
		035DF3F225291BCE004C95B0 /* Preview Assets.xcassets in Resources */ = {isa = PBXBuildFile; fileRef = 035DF3F125291BCE004C95B0 /* Preview Assets.xcassets */; };
		035DF3F525291BCE004C95B0 /* LaunchScreen.storyboard in Resources */ = {isa = PBXBuildFile; fileRef = 035DF3F325291BCE004C95B0 /* LaunchScreen.storyboard */; };
		035DF40025291BCE004C95B0 /* YaleMenusTests.swift in Sources */ = {isa = PBXBuildFile; fileRef = 035DF3FF25291BCE004C95B0 /* YaleMenusTests.swift */; };
		035DF40B25291BCE004C95B0 /* YaleMenusUITests.swift in Sources */ = {isa = PBXBuildFile; fileRef = 035DF40A25291BCE004C95B0 /* YaleMenusUITests.swift */; };
/* End PBXBuildFile section */

/* Begin PBXContainerItemProxy section */
		035DF3FC25291BCE004C95B0 /* PBXContainerItemProxy */ = {
			isa = PBXContainerItemProxy;
			containerPortal = 035DF3DD25291BCC004C95B0 /* Project object */;
			proxyType = 1;
			remoteGlobalIDString = 035DF3E425291BCC004C95B0;
			remoteInfo = YaleMenus;
		};
		035DF40725291BCE004C95B0 /* PBXContainerItemProxy */ = {
			isa = PBXContainerItemProxy;
			containerPortal = 035DF3DD25291BCC004C95B0 /* Project object */;
			proxyType = 1;
			remoteGlobalIDString = 035DF3E425291BCC004C95B0;
			remoteInfo = YaleMenus;
		};
/* End PBXContainerItemProxy section */

/* Begin PBXFileReference section */
		035DF3E525291BCC004C95B0 /* YaleMenus.app */ = {isa = PBXFileReference; explicitFileType = wrapper.application; includeInIndex = 0; path = YaleMenus.app; sourceTree = BUILT_PRODUCTS_DIR; };
		035DF3E825291BCC004C95B0 /* AppDelegate.swift */ = {isa = PBXFileReference; lastKnownFileType = sourcecode.swift; path = AppDelegate.swift; sourceTree = "<group>"; };
		035DF3EA25291BCC004C95B0 /* SceneDelegate.swift */ = {isa = PBXFileReference; lastKnownFileType = sourcecode.swift; path = SceneDelegate.swift; sourceTree = "<group>"; };
		035DF3EC25291BCC004C95B0 /* ContentView.swift */ = {isa = PBXFileReference; lastKnownFileType = sourcecode.swift; path = ContentView.swift; sourceTree = "<group>"; };
		035DF3EE25291BCE004C95B0 /* Assets.xcassets */ = {isa = PBXFileReference; lastKnownFileType = folder.assetcatalog; path = Assets.xcassets; sourceTree = "<group>"; };
		035DF3F125291BCE004C95B0 /* Preview Assets.xcassets */ = {isa = PBXFileReference; lastKnownFileType = folder.assetcatalog; path = "Preview Assets.xcassets"; sourceTree = "<group>"; };
		035DF3F425291BCE004C95B0 /* Base */ = {isa = PBXFileReference; lastKnownFileType = file.storyboard; name = Base; path = Base.lproj/LaunchScreen.storyboard; sourceTree = "<group>"; };
		035DF3F625291BCE004C95B0 /* Info.plist */ = {isa = PBXFileReference; lastKnownFileType = text.plist.xml; path = Info.plist; sourceTree = "<group>"; };
		035DF3FB25291BCE004C95B0 /* YaleMenusTests.xctest */ = {isa = PBXFileReference; explicitFileType = wrapper.cfbundle; includeInIndex = 0; path = YaleMenusTests.xctest; sourceTree = BUILT_PRODUCTS_DIR; };
		035DF3FF25291BCE004C95B0 /* YaleMenusTests.swift */ = {isa = PBXFileReference; lastKnownFileType = sourcecode.swift; path = YaleMenusTests.swift; sourceTree = "<group>"; };
		035DF40125291BCE004C95B0 /* Info.plist */ = {isa = PBXFileReference; lastKnownFileType = text.plist.xml; path = Info.plist; sourceTree = "<group>"; };
		035DF40625291BCE004C95B0 /* YaleMenusUITests.xctest */ = {isa = PBXFileReference; explicitFileType = wrapper.cfbundle; includeInIndex = 0; path = YaleMenusUITests.xctest; sourceTree = BUILT_PRODUCTS_DIR; };
		035DF40A25291BCE004C95B0 /* YaleMenusUITests.swift */ = {isa = PBXFileReference; lastKnownFileType = sourcecode.swift; path = YaleMenusUITests.swift; sourceTree = "<group>"; };
		035DF40C25291BCE004C95B0 /* Info.plist */ = {isa = PBXFileReference; lastKnownFileType = text.plist.xml; path = Info.plist; sourceTree = "<group>"; };
/* End PBXFileReference section */

/* Begin PBXFrameworksBuildPhase section */
		035DF3E225291BCC004C95B0 /* Frameworks */ = {
			isa = PBXFrameworksBuildPhase;
			buildActionMask = 2147483647;
			files = (
			);
			runOnlyForDeploymentPostprocessing = 0;
		};
		035DF3F825291BCE004C95B0 /* Frameworks */ = {
			isa = PBXFrameworksBuildPhase;
			buildActionMask = 2147483647;
			files = (
			);
			runOnlyForDeploymentPostprocessing = 0;
		};
		035DF40325291BCE004C95B0 /* Frameworks */ = {
			isa = PBXFrameworksBuildPhase;
			buildActionMask = 2147483647;
			files = (
			);
			runOnlyForDeploymentPostprocessing = 0;
		};
/* End PBXFrameworksBuildPhase section */

/* Begin PBXGroup section */
		035DF3DC25291BCC004C95B0 = {
			isa = PBXGroup;
			children = (
				035DF3E725291BCC004C95B0 /* YaleMenus */,
				035DF3FE25291BCE004C95B0 /* YaleMenusTests */,
				035DF40925291BCE004C95B0 /* YaleMenusUITests */,
				035DF3E625291BCC004C95B0 /* Products */,
			);
			sourceTree = "<group>";
		};
		035DF3E625291BCC004C95B0 /* Products */ = {
			isa = PBXGroup;
			children = (
				035DF3E525291BCC004C95B0 /* YaleMenus.app */,
				035DF3FB25291BCE004C95B0 /* YaleMenusTests.xctest */,
				035DF40625291BCE004C95B0 /* YaleMenusUITests.xctest */,
			);
			name = Products;
			sourceTree = "<group>";
		};
		035DF3E725291BCC004C95B0 /* YaleMenus */ = {
			isa = PBXGroup;
			children = (
				035DF3E825291BCC004C95B0 /* AppDelegate.swift */,
				035DF3EA25291BCC004C95B0 /* SceneDelegate.swift */,
				035DF3EC25291BCC004C95B0 /* ContentView.swift */,
				035DF3EE25291BCE004C95B0 /* Assets.xcassets */,
				035DF3F325291BCE004C95B0 /* LaunchScreen.storyboard */,
				035DF3F625291BCE004C95B0 /* Info.plist */,
				035DF3F025291BCE004C95B0 /* Preview Content */,
			);
			path = YaleMenus;
			sourceTree = "<group>";
		};
		035DF3F025291BCE004C95B0 /* Preview Content */ = {
			isa = PBXGroup;
			children = (
				035DF3F125291BCE004C95B0 /* Preview Assets.xcassets */,
			);
			path = "Preview Content";
			sourceTree = "<group>";
		};
		035DF3FE25291BCE004C95B0 /* YaleMenusTests */ = {
			isa = PBXGroup;
			children = (
				035DF3FF25291BCE004C95B0 /* YaleMenusTests.swift */,
				035DF40125291BCE004C95B0 /* Info.plist */,
			);
			path = YaleMenusTests;
			sourceTree = "<group>";
		};
		035DF40925291BCE004C95B0 /* YaleMenusUITests */ = {
			isa = PBXGroup;
			children = (
				035DF40A25291BCE004C95B0 /* YaleMenusUITests.swift */,
				035DF40C25291BCE004C95B0 /* Info.plist */,
			);
			path = YaleMenusUITests;
			sourceTree = "<group>";
		};
/* End PBXGroup section */

/* Begin PBXNativeTarget section */
		035DF3E425291BCC004C95B0 /* YaleMenus */ = {
			isa = PBXNativeTarget;
			buildConfigurationList = 035DF40F25291BCE004C95B0 /* Build configuration list for PBXNativeTarget "YaleMenus" */;
			buildPhases = (
				035DF3E125291BCC004C95B0 /* Sources */,
				035DF3E225291BCC004C95B0 /* Frameworks */,
				035DF3E325291BCC004C95B0 /* Resources */,
			);
			buildRules = (
			);
			dependencies = (
			);
			name = YaleMenus;
			productName = YaleMenus;
			productReference = 035DF3E525291BCC004C95B0 /* YaleMenus.app */;
			productType = "com.apple.product-type.application";
		};
		035DF3FA25291BCE004C95B0 /* YaleMenusTests */ = {
			isa = PBXNativeTarget;
			buildConfigurationList = 035DF41225291BCE004C95B0 /* Build configuration list for PBXNativeTarget "YaleMenusTests" */;
			buildPhases = (
				035DF3F725291BCE004C95B0 /* Sources */,
				035DF3F825291BCE004C95B0 /* Frameworks */,
				035DF3F925291BCE004C95B0 /* Resources */,
			);
			buildRules = (
			);
			dependencies = (
				035DF3FD25291BCE004C95B0 /* PBXTargetDependency */,
			);
			name = YaleMenusTests;
			productName = YaleMenusTests;
			productReference = 035DF3FB25291BCE004C95B0 /* YaleMenusTests.xctest */;
			productType = "com.apple.product-type.bundle.unit-test";
		};
		035DF40525291BCE004C95B0 /* YaleMenusUITests */ = {
			isa = PBXNativeTarget;
			buildConfigurationList = 035DF41525291BCE004C95B0 /* Build configuration list for PBXNativeTarget "YaleMenusUITests" */;
			buildPhases = (
				035DF40225291BCE004C95B0 /* Sources */,
				035DF40325291BCE004C95B0 /* Frameworks */,
				035DF40425291BCE004C95B0 /* Resources */,
			);
			buildRules = (
			);
			dependencies = (
				035DF40825291BCE004C95B0 /* PBXTargetDependency */,
			);
			name = YaleMenusUITests;
			productName = YaleMenusUITests;
			productReference = 035DF40625291BCE004C95B0 /* YaleMenusUITests.xctest */;
			productType = "com.apple.product-type.bundle.ui-testing";
		};
/* End PBXNativeTarget section */

/* Begin PBXProject section */
		035DF3DD25291BCC004C95B0 /* Project object */ = {
			isa = PBXProject;
			attributes = {
				LastSwiftUpdateCheck = 1120;
				LastUpgradeCheck = 1120;
				ORGANIZATIONNAME = "Erik Boesen";
				TargetAttributes = {
					035DF3E425291BCC004C95B0 = {
						CreatedOnToolsVersion = 11.2.1;
					};
					035DF3FA25291BCE004C95B0 = {
						CreatedOnToolsVersion = 11.2.1;
						TestTargetID = 035DF3E425291BCC004C95B0;
					};
					035DF40525291BCE004C95B0 = {
						CreatedOnToolsVersion = 11.2.1;
						TestTargetID = 035DF3E425291BCC004C95B0;
					};
				};
			};
			buildConfigurationList = 035DF3E025291BCC004C95B0 /* Build configuration list for PBXProject "YaleMenus" */;
			compatibilityVersion = "Xcode 9.3";
			developmentRegion = en;
			hasScannedForEncodings = 0;
			knownRegions = (
				en,
				Base,
			);
			mainGroup = 035DF3DC25291BCC004C95B0;
			productRefGroup = 035DF3E625291BCC004C95B0 /* Products */;
			projectDirPath = "";
			projectRoot = "";
			targets = (
				035DF3E425291BCC004C95B0 /* YaleMenus */,
				035DF3FA25291BCE004C95B0 /* YaleMenusTests */,
				035DF40525291BCE004C95B0 /* YaleMenusUITests */,
			);
		};
/* End PBXProject section */

/* Begin PBXResourcesBuildPhase section */
		035DF3E325291BCC004C95B0 /* Resources */ = {
			isa = PBXResourcesBuildPhase;
			buildActionMask = 2147483647;
			files = (
				035DF3F525291BCE004C95B0 /* LaunchScreen.storyboard in Resources */,
				035DF3F225291BCE004C95B0 /* Preview Assets.xcassets in Resources */,
				035DF3EF25291BCE004C95B0 /* Assets.xcassets in Resources */,
			);
			runOnlyForDeploymentPostprocessing = 0;
		};
		035DF3F925291BCE004C95B0 /* Resources */ = {
			isa = PBXResourcesBuildPhase;
			buildActionMask = 2147483647;
			files = (
			);
			runOnlyForDeploymentPostprocessing = 0;
		};
		035DF40425291BCE004C95B0 /* Resources */ = {
			isa = PBXResourcesBuildPhase;
			buildActionMask = 2147483647;
			files = (
			);
			runOnlyForDeploymentPostprocessing = 0;
		};
/* End PBXResourcesBuildPhase section */

/* Begin PBXSourcesBuildPhase section */
		035DF3E125291BCC004C95B0 /* Sources */ = {
			isa = PBXSourcesBuildPhase;
			buildActionMask = 2147483647;
			files = (
				035DF3E925291BCC004C95B0 /* AppDelegate.swift in Sources */,
				035DF3EB25291BCC004C95B0 /* SceneDelegate.swift in Sources */,
				035DF3ED25291BCC004C95B0 /* ContentView.swift in Sources */,
			);
			runOnlyForDeploymentPostprocessing = 0;
		};
		035DF3F725291BCE004C95B0 /* Sources */ = {
			isa = PBXSourcesBuildPhase;
			buildActionMask = 2147483647;
			files = (
				035DF40025291BCE004C95B0 /* YaleMenusTests.swift in Sources */,
			);
			runOnlyForDeploymentPostprocessing = 0;
		};
		035DF40225291BCE004C95B0 /* Sources */ = {
			isa = PBXSourcesBuildPhase;
			buildActionMask = 2147483647;
			files = (
				035DF40B25291BCE004C95B0 /* YaleMenusUITests.swift in Sources */,
			);
			runOnlyForDeploymentPostprocessing = 0;
		};
/* End PBXSourcesBuildPhase section */

/* Begin PBXTargetDependency section */
		035DF3FD25291BCE004C95B0 /* PBXTargetDependency */ = {
			isa = PBXTargetDependency;
			target = 035DF3E425291BCC004C95B0 /* YaleMenus */;
			targetProxy = 035DF3FC25291BCE004C95B0 /* PBXContainerItemProxy */;
		};
		035DF40825291BCE004C95B0 /* PBXTargetDependency */ = {
			isa = PBXTargetDependency;
			target = 035DF3E425291BCC004C95B0 /* YaleMenus */;
			targetProxy = 035DF40725291BCE004C95B0 /* PBXContainerItemProxy */;
		};
/* End PBXTargetDependency section */

/* Begin PBXVariantGroup section */
		035DF3F325291BCE004C95B0 /* LaunchScreen.storyboard */ = {
			isa = PBXVariantGroup;
			children = (
				035DF3F425291BCE004C95B0 /* Base */,
			);
			name = LaunchScreen.storyboard;
			sourceTree = "<group>";
		};
/* End PBXVariantGroup section */

/* Begin XCBuildConfiguration section */
		035DF40D25291BCE004C95B0 /* Debug */ = {
			isa = XCBuildConfiguration;
			buildSettings = {
				ALWAYS_SEARCH_USER_PATHS = NO;
				CLANG_ANALYZER_NONNULL = YES;
				CLANG_ANALYZER_NUMBER_OBJECT_CONVERSION = YES_AGGRESSIVE;
				CLANG_CXX_LANGUAGE_STANDARD = "gnu++14";
				CLANG_CXX_LIBRARY = "libc++";
				CLANG_ENABLE_MODULES = YES;
				CLANG_ENABLE_OBJC_ARC = YES;
				CLANG_ENABLE_OBJC_WEAK = YES;
				CLANG_WARN_BLOCK_CAPTURE_AUTORELEASING = YES;
				CLANG_WARN_BOOL_CONVERSION = YES;
				CLANG_WARN_COMMA = YES;
				CLANG_WARN_CONSTANT_CONVERSION = YES;
				CLANG_WARN_DEPRECATED_OBJC_IMPLEMENTATIONS = YES;
				CLANG_WARN_DIRECT_OBJC_ISA_USAGE = YES_ERROR;
				CLANG_WARN_DOCUMENTATION_COMMENTS = YES;
				CLANG_WARN_EMPTY_BODY = YES;
				CLANG_WARN_ENUM_CONVERSION = YES;
				CLANG_WARN_INFINITE_RECURSION = YES;
				CLANG_WARN_INT_CONVERSION = YES;
				CLANG_WARN_NON_LITERAL_NULL_CONVERSION = YES;
				CLANG_WARN_OBJC_IMPLICIT_RETAIN_SELF = YES;
				CLANG_WARN_OBJC_LITERAL_CONVERSION = YES;
				CLANG_WARN_OBJC_ROOT_CLASS = YES_ERROR;
				CLANG_WARN_RANGE_LOOP_ANALYSIS = YES;
				CLANG_WARN_STRICT_PROTOTYPES = YES;
				CLANG_WARN_SUSPICIOUS_MOVE = YES;
				CLANG_WARN_UNGUARDED_AVAILABILITY = YES_AGGRESSIVE;
				CLANG_WARN_UNREACHABLE_CODE = YES;
				CLANG_WARN__DUPLICATE_METHOD_MATCH = YES;
				COPY_PHASE_STRIP = NO;
				DEBUG_INFORMATION_FORMAT = dwarf;
				ENABLE_STRICT_OBJC_MSGSEND = YES;
				ENABLE_TESTABILITY = YES;
				GCC_C_LANGUAGE_STANDARD = gnu11;
				GCC_DYNAMIC_NO_PIC = NO;
				GCC_NO_COMMON_BLOCKS = YES;
				GCC_OPTIMIZATION_LEVEL = 0;
				GCC_PREPROCESSOR_DEFINITIONS = (
					"DEBUG=1",
					"$(inherited)",
				);
				GCC_WARN_64_TO_32_BIT_CONVERSION = YES;
				GCC_WARN_ABOUT_RETURN_TYPE = YES_ERROR;
				GCC_WARN_UNDECLARED_SELECTOR = YES;
				GCC_WARN_UNINITIALIZED_AUTOS = YES_AGGRESSIVE;
				GCC_WARN_UNUSED_FUNCTION = YES;
				GCC_WARN_UNUSED_VARIABLE = YES;
				IPHONEOS_DEPLOYMENT_TARGET = 13.2;
				MTL_ENABLE_DEBUG_INFO = INCLUDE_SOURCE;
				MTL_FAST_MATH = YES;
				ONLY_ACTIVE_ARCH = YES;
				SDKROOT = iphoneos;
				SWIFT_ACTIVE_COMPILATION_CONDITIONS = DEBUG;
				SWIFT_OPTIMIZATION_LEVEL = "-Onone";
			};
			name = Debug;
		};
		035DF40E25291BCE004C95B0 /* Release */ = {
			isa = XCBuildConfiguration;
			buildSettings = {
				ALWAYS_SEARCH_USER_PATHS = NO;
				CLANG_ANALYZER_NONNULL = YES;
				CLANG_ANALYZER_NUMBER_OBJECT_CONVERSION = YES_AGGRESSIVE;
				CLANG_CXX_LANGUAGE_STANDARD = "gnu++14";
				CLANG_CXX_LIBRARY = "libc++";
				CLANG_ENABLE_MODULES = YES;
				CLANG_ENABLE_OBJC_ARC = YES;
				CLANG_ENABLE_OBJC_WEAK = YES;
				CLANG_WARN_BLOCK_CAPTURE_AUTORELEASING = YES;
				CLANG_WARN_BOOL_CONVERSION = YES;
				CLANG_WARN_COMMA = YES;
				CLANG_WARN_CONSTANT_CONVERSION = YES;
				CLANG_WARN_DEPRECATED_OBJC_IMPLEMENTATIONS = YES;
				CLANG_WARN_DIRECT_OBJC_ISA_USAGE = YES_ERROR;
				CLANG_WARN_DOCUMENTATION_COMMENTS = YES;
				CLANG_WARN_EMPTY_BODY = YES;
				CLANG_WARN_ENUM_CONVERSION = YES;
				CLANG_WARN_INFINITE_RECURSION = YES;
				CLANG_WARN_INT_CONVERSION = YES;
				CLANG_WARN_NON_LITERAL_NULL_CONVERSION = YES;
				CLANG_WARN_OBJC_IMPLICIT_RETAIN_SELF = YES;
				CLANG_WARN_OBJC_LITERAL_CONVERSION = YES;
				CLANG_WARN_OBJC_ROOT_CLASS = YES_ERROR;
				CLANG_WARN_RANGE_LOOP_ANALYSIS = YES;
				CLANG_WARN_STRICT_PROTOTYPES = YES;
				CLANG_WARN_SUSPICIOUS_MOVE = YES;
				CLANG_WARN_UNGUARDED_AVAILABILITY = YES_AGGRESSIVE;
				CLANG_WARN_UNREACHABLE_CODE = YES;
				CLANG_WARN__DUPLICATE_METHOD_MATCH = YES;
				COPY_PHASE_STRIP = NO;
				DEBUG_INFORMATION_FORMAT = "dwarf-with-dsym";
				ENABLE_NS_ASSERTIONS = NO;
				ENABLE_STRICT_OBJC_MSGSEND = YES;
				GCC_C_LANGUAGE_STANDARD = gnu11;
				GCC_NO_COMMON_BLOCKS = YES;
				GCC_WARN_64_TO_32_BIT_CONVERSION = YES;
				GCC_WARN_ABOUT_RETURN_TYPE = YES_ERROR;
				GCC_WARN_UNDECLARED_SELECTOR = YES;
				GCC_WARN_UNINITIALIZED_AUTOS = YES_AGGRESSIVE;
				GCC_WARN_UNUSED_FUNCTION = YES;
				GCC_WARN_UNUSED_VARIABLE = YES;
				IPHONEOS_DEPLOYMENT_TARGET = 13.2;
				MTL_ENABLE_DEBUG_INFO = NO;
				MTL_FAST_MATH = YES;
				SDKROOT = iphoneos;
				SWIFT_COMPILATION_MODE = wholemodule;
				SWIFT_OPTIMIZATION_LEVEL = "-O";
				VALIDATE_PRODUCT = YES;
			};
			name = Release;
		};
		035DF41025291BCE004C95B0 /* Debug */ = {
			isa = XCBuildConfiguration;
			buildSettings = {
				ASSETCATALOG_COMPILER_APPICON_NAME = AppIcon;
				CODE_SIGN_STYLE = Automatic;
				DEVELOPMENT_ASSET_PATHS = "\"YaleMenus/Preview Content\"";
				DEVELOPMENT_TEAM = LFYMCXWJJW;
				ENABLE_PREVIEWS = YES;
				INFOPLIST_FILE = YaleMenus/Info.plist;
				LD_RUNPATH_SEARCH_PATHS = (
					"$(inherited)",
					"@executable_path/Frameworks",
				);
				PRODUCT_BUNDLE_IDENTIFIER = com.erikboesen.YaleMenus;
				PRODUCT_NAME = "$(TARGET_NAME)";
				SWIFT_VERSION = 5.0;
				TARGETED_DEVICE_FAMILY = "1,2";
			};
			name = Debug;
		};
		035DF41125291BCE004C95B0 /* Release */ = {
			isa = XCBuildConfiguration;
			buildSettings = {
				ASSETCATALOG_COMPILER_APPICON_NAME = AppIcon;
				CODE_SIGN_STYLE = Automatic;
				DEVELOPMENT_ASSET_PATHS = "\"YaleMenus/Preview Content\"";
				DEVELOPMENT_TEAM = LFYMCXWJJW;
				ENABLE_PREVIEWS = YES;
				INFOPLIST_FILE = YaleMenus/Info.plist;
				LD_RUNPATH_SEARCH_PATHS = (
					"$(inherited)",
					"@executable_path/Frameworks",
				);
				PRODUCT_BUNDLE_IDENTIFIER = com.erikboesen.YaleMenus;
				PRODUCT_NAME = "$(TARGET_NAME)";
				SWIFT_VERSION = 5.0;
				TARGETED_DEVICE_FAMILY = "1,2";
			};
			name = Release;
		};
		035DF41325291BCE004C95B0 /* Debug */ = {
			isa = XCBuildConfiguration;
			buildSettings = {
				ALWAYS_EMBED_SWIFT_STANDARD_LIBRARIES = YES;
				BUNDLE_LOADER = "$(TEST_HOST)";
				CODE_SIGN_STYLE = Automatic;
				DEVELOPMENT_TEAM = LFYMCXWJJW;
				INFOPLIST_FILE = YaleMenusTests/Info.plist;
				IPHONEOS_DEPLOYMENT_TARGET = 13.2;
				LD_RUNPATH_SEARCH_PATHS = (
					"$(inherited)",
					"@executable_path/Frameworks",
					"@loader_path/Frameworks",
				);
				PRODUCT_BUNDLE_IDENTIFIER = com.erikboesen.YaleMenusTests;
				PRODUCT_NAME = "$(TARGET_NAME)";
				SWIFT_VERSION = 5.0;
				TARGETED_DEVICE_FAMILY = "1,2";
				TEST_HOST = "$(BUILT_PRODUCTS_DIR)/YaleMenus.app/YaleMenus";
			};
			name = Debug;
		};
		035DF41425291BCE004C95B0 /* Release */ = {
			isa = XCBuildConfiguration;
			buildSettings = {
				ALWAYS_EMBED_SWIFT_STANDARD_LIBRARIES = YES;
				BUNDLE_LOADER = "$(TEST_HOST)";
				CODE_SIGN_STYLE = Automatic;
				DEVELOPMENT_TEAM = LFYMCXWJJW;
				INFOPLIST_FILE = YaleMenusTests/Info.plist;
				IPHONEOS_DEPLOYMENT_TARGET = 13.2;
				LD_RUNPATH_SEARCH_PATHS = (
					"$(inherited)",
					"@executable_path/Frameworks",
					"@loader_path/Frameworks",
				);
				PRODUCT_BUNDLE_IDENTIFIER = com.erikboesen.YaleMenusTests;
				PRODUCT_NAME = "$(TARGET_NAME)";
				SWIFT_VERSION = 5.0;
				TARGETED_DEVICE_FAMILY = "1,2";
				TEST_HOST = "$(BUILT_PRODUCTS_DIR)/YaleMenus.app/YaleMenus";
			};
			name = Release;
		};
		035DF41625291BCE004C95B0 /* Debug */ = {
			isa = XCBuildConfiguration;
			buildSettings = {
				ALWAYS_EMBED_SWIFT_STANDARD_LIBRARIES = YES;
				CODE_SIGN_STYLE = Automatic;
				DEVELOPMENT_TEAM = LFYMCXWJJW;
				INFOPLIST_FILE = YaleMenusUITests/Info.plist;
				LD_RUNPATH_SEARCH_PATHS = (
					"$(inherited)",
					"@executable_path/Frameworks",
					"@loader_path/Frameworks",
				);
				PRODUCT_BUNDLE_IDENTIFIER = com.erikboesen.YaleMenusUITests;
				PRODUCT_NAME = "$(TARGET_NAME)";
				SWIFT_VERSION = 5.0;
				TARGETED_DEVICE_FAMILY = "1,2";
				TEST_TARGET_NAME = YaleMenus;
			};
			name = Debug;
		};
		035DF41725291BCE004C95B0 /* Release */ = {
			isa = XCBuildConfiguration;
			buildSettings = {
				ALWAYS_EMBED_SWIFT_STANDARD_LIBRARIES = YES;
				CODE_SIGN_STYLE = Automatic;
				DEVELOPMENT_TEAM = LFYMCXWJJW;
				INFOPLIST_FILE = YaleMenusUITests/Info.plist;
				LD_RUNPATH_SEARCH_PATHS = (
					"$(inherited)",
					"@executable_path/Frameworks",
					"@loader_path/Frameworks",
				);
				PRODUCT_BUNDLE_IDENTIFIER = com.erikboesen.YaleMenusUITests;
				PRODUCT_NAME = "$(TARGET_NAME)";
				SWIFT_VERSION = 5.0;
				TARGETED_DEVICE_FAMILY = "1,2";
				TEST_TARGET_NAME = YaleMenus;
			};
			name = Release;
		};
/* End XCBuildConfiguration section */

/* Begin XCConfigurationList section */
		035DF3E025291BCC004C95B0 /* Build configuration list for PBXProject "YaleMenus" */ = {
			isa = XCConfigurationList;
			buildConfigurations = (
				035DF40D25291BCE004C95B0 /* Debug */,
				035DF40E25291BCE004C95B0 /* Release */,
			);
			defaultConfigurationIsVisible = 0;
			defaultConfigurationName = Release;
		};
		035DF40F25291BCE004C95B0 /* Build configuration list for PBXNativeTarget "YaleMenus" */ = {
			isa = XCConfigurationList;
			buildConfigurations = (
				035DF41025291BCE004C95B0 /* Debug */,
				035DF41125291BCE004C95B0 /* Release */,
			);
			defaultConfigurationIsVisible = 0;
			defaultConfigurationName = Release;
		};
		035DF41225291BCE004C95B0 /* Build configuration list for PBXNativeTarget "YaleMenusTests" */ = {
			isa = XCConfigurationList;
			buildConfigurations = (
				035DF41325291BCE004C95B0 /* Debug */,
				035DF41425291BCE004C95B0 /* Release */,
			);
			defaultConfigurationIsVisible = 0;
			defaultConfigurationName = Release;
		};
		035DF41525291BCE004C95B0 /* Build configuration list for PBXNativeTarget "YaleMenusUITests" */ = {
			isa = XCConfigurationList;
			buildConfigurations = (
				035DF41625291BCE004C95B0 /* Debug */,
				035DF41725291BCE004C95B0 /* Release */,
			);
			defaultConfigurationIsVisible = 0;
			defaultConfigurationName = Release;
		};
/* End XCConfigurationList section */
	};
	rootObject = 035DF3DD25291BCC004C95B0 /* Project object */;
}
